// !$*UTF8*$!
{
	archiveVersion = 1;
	classes = {
	};
	objectVersion = 55;
	objects = {

/* Begin PBXBuildFile section */
		5B6AE70527BB413800341A0B /* AppDelegate.m in Sources */ = {isa = PBXBuildFile; fileRef = 5B6AE70427BB413800341A0B /* AppDelegate.m */; };
		5B6AE70827BB413800341A0B /* SceneDelegate.m in Sources */ = {isa = PBXBuildFile; fileRef = 5B6AE70727BB413800341A0B /* SceneDelegate.m */; };
		5B6AE70E27BB413800341A0B /* Main.storyboard in Resources */ = {isa = PBXBuildFile; fileRef = 5B6AE70C27BB413800341A0B /* Main.storyboard */; };
		5B6AE71027BB413B00341A0B /* Assets.xcassets in Resources */ = {isa = PBXBuildFile; fileRef = 5B6AE70F27BB413B00341A0B /* Assets.xcassets */; };
		5B6AE71327BB413B00341A0B /* LaunchScreen.storyboard in Resources */ = {isa = PBXBuildFile; fileRef = 5B6AE71127BB413B00341A0B /* LaunchScreen.storyboard */; };
		5B6AE71627BB413B00341A0B /* main.m in Sources */ = {isa = PBXBuildFile; fileRef = 5B6AE71527BB413B00341A0B /* main.m */; };
		5B6AE72027BB413C00341A0B /* ServerDemoTests.m in Sources */ = {isa = PBXBuildFile; fileRef = 5B6AE71F27BB413C00341A0B /* ServerDemoTests.m */; };
		5B6AE72A27BB413C00341A0B /* ServerDemoUITests.m in Sources */ = {isa = PBXBuildFile; fileRef = 5B6AE72927BB413C00341A0B /* ServerDemoUITests.m */; };
		5B6AE72C27BB413C00341A0B /* ServerDemoUITestsLaunchTests.m in Sources */ = {isa = PBXBuildFile; fileRef = 5B6AE72B27BB413C00341A0B /* ServerDemoUITestsLaunchTests.m */; };
		5B6AE73A27BB7AD200341A0B /* ViewController.m in Sources */ = {isa = PBXBuildFile; fileRef = 5B6AE73927BB7AD200341A0B /* ViewController.m */; };
		5B6AE73D27BB7B1300341A0B /* ServerSocket.m in Sources */ = {isa = PBXBuildFile; fileRef = 5B6AE73C27BB7B1300341A0B /* ServerSocket.m */; };
		8748EE0B29D7516708F2FFA5 /* Pods_ServerDemoTests.framework in Frameworks */ = {isa = PBXBuildFile; fileRef = 57C8130179FB80830B5BEBB5 /* Pods_ServerDemoTests.framework */; };
		C19E5565F9D2B17BF3E12765 /* Pods_ServerDemo.framework in Frameworks */ = {isa = PBXBuildFile; fileRef = F2E873C6C09BBA3236834C28 /* Pods_ServerDemo.framework */; };
		EA01D01D95F3A739B4B0B03F /* Pods_ServerDemo_ServerDemoUITests.framework in Frameworks */ = {isa = PBXBuildFile; fileRef = 927996AA0C7961A83DC3BA96 /* Pods_ServerDemo_ServerDemoUITests.framework */; };
/* End PBXBuildFile section */

/* Begin PBXContainerItemProxy section */
		5B6AE71C27BB413C00341A0B /* PBXContainerItemProxy */ = {
			isa = PBXContainerItemProxy;
			containerPortal = 5B6AE6F827BB413800341A0B /* Project object */;
			proxyType = 1;
			remoteGlobalIDString = 5B6AE6FF27BB413800341A0B;
			remoteInfo = ServerDemo;
		};
		5B6AE72627BB413C00341A0B /* PBXContainerItemProxy */ = {
			isa = PBXContainerItemProxy;
			containerPortal = 5B6AE6F827BB413800341A0B /* Project object */;
			proxyType = 1;
			remoteGlobalIDString = 5B6AE6FF27BB413800341A0B;
			remoteInfo = ServerDemo;
		};
/* End PBXContainerItemProxy section */

/* Begin PBXFileReference section */
		14F5962FE2A89E40162F2DDD /* Pods-ServerDemo.release.xcconfig */ = {isa = PBXFileReference; includeInIndex = 1; lastKnownFileType = text.xcconfig; name = "Pods-ServerDemo.release.xcconfig"; path = "Target Support Files/Pods-ServerDemo/Pods-ServerDemo.release.xcconfig"; sourceTree = "<group>"; };
		1B6213359573E7737188DCBA /* Pods-ServerDemo-ServerDemoUITests.release.xcconfig */ = {isa = PBXFileReference; includeInIndex = 1; lastKnownFileType = text.xcconfig; name = "Pods-ServerDemo-ServerDemoUITests.release.xcconfig"; path = "Target Support Files/Pods-ServerDemo-ServerDemoUITests/Pods-ServerDemo-ServerDemoUITests.release.xcconfig"; sourceTree = "<group>"; };
		5569C107D6BF24DF66F20BED /* Pods-ServerDemo-ServerDemoUITests.debug.xcconfig */ = {isa = PBXFileReference; includeInIndex = 1; lastKnownFileType = text.xcconfig; name = "Pods-ServerDemo-ServerDemoUITests.debug.xcconfig"; path = "Target Support Files/Pods-ServerDemo-ServerDemoUITests/Pods-ServerDemo-ServerDemoUITests.debug.xcconfig"; sourceTree = "<group>"; };
		57C8130179FB80830B5BEBB5 /* Pods_ServerDemoTests.framework */ = {isa = PBXFileReference; explicitFileType = wrapper.framework; includeInIndex = 0; path = Pods_ServerDemoTests.framework; sourceTree = BUILT_PRODUCTS_DIR; };
		5B6AE70027BB413800341A0B /* ServerDemo.app */ = {isa = PBXFileReference; explicitFileType = wrapper.application; includeInIndex = 0; path = ServerDemo.app; sourceTree = BUILT_PRODUCTS_DIR; };
		5B6AE70327BB413800341A0B /* AppDelegate.h */ = {isa = PBXFileReference; lastKnownFileType = sourcecode.c.h; path = AppDelegate.h; sourceTree = "<group>"; };
		5B6AE70427BB413800341A0B /* AppDelegate.m */ = {isa = PBXFileReference; lastKnownFileType = sourcecode.c.objc; path = AppDelegate.m; sourceTree = "<group>"; };
		5B6AE70627BB413800341A0B /* SceneDelegate.h */ = {isa = PBXFileReference; lastKnownFileType = sourcecode.c.h; path = SceneDelegate.h; sourceTree = "<group>"; };
		5B6AE70727BB413800341A0B /* SceneDelegate.m */ = {isa = PBXFileReference; lastKnownFileType = sourcecode.c.objc; path = SceneDelegate.m; sourceTree = "<group>"; };
		5B6AE70D27BB413800341A0B /* Base */ = {isa = PBXFileReference; lastKnownFileType = file.storyboard; name = Base; path = Base.lproj/Main.storyboard; sourceTree = "<group>"; };
		5B6AE70F27BB413B00341A0B /* Assets.xcassets */ = {isa = PBXFileReference; lastKnownFileType = folder.assetcatalog; path = Assets.xcassets; sourceTree = "<group>"; };
		5B6AE71227BB413B00341A0B /* Base */ = {isa = PBXFileReference; lastKnownFileType = file.storyboard; name = Base; path = Base.lproj/LaunchScreen.storyboard; sourceTree = "<group>"; };
		5B6AE71427BB413B00341A0B /* Info.plist */ = {isa = PBXFileReference; lastKnownFileType = text.plist.xml; path = Info.plist; sourceTree = "<group>"; };
		5B6AE71527BB413B00341A0B /* main.m */ = {isa = PBXFileReference; lastKnownFileType = sourcecode.c.objc; path = main.m; sourceTree = "<group>"; };
		5B6AE71B27BB413C00341A0B /* ServerDemoTests.xctest */ = {isa = PBXFileReference; explicitFileType = wrapper.cfbundle; includeInIndex = 0; path = ServerDemoTests.xctest; sourceTree = BUILT_PRODUCTS_DIR; };
		5B6AE71F27BB413C00341A0B /* ServerDemoTests.m */ = {isa = PBXFileReference; lastKnownFileType = sourcecode.c.objc; path = ServerDemoTests.m; sourceTree = "<group>"; };
		5B6AE72527BB413C00341A0B /* ServerDemoUITests.xctest */ = {isa = PBXFileReference; explicitFileType = wrapper.cfbundle; includeInIndex = 0; path = ServerDemoUITests.xctest; sourceTree = BUILT_PRODUCTS_DIR; };
		5B6AE72927BB413C00341A0B /* ServerDemoUITests.m */ = {isa = PBXFileReference; lastKnownFileType = sourcecode.c.objc; path = ServerDemoUITests.m; sourceTree = "<group>"; };
		5B6AE72B27BB413C00341A0B /* ServerDemoUITestsLaunchTests.m */ = {isa = PBXFileReference; lastKnownFileType = sourcecode.c.objc; path = ServerDemoUITestsLaunchTests.m; sourceTree = "<group>"; };
		5B6AE73827BB7AD200341A0B /* ViewController.h */ = {isa = PBXFileReference; fileEncoding = 4; lastKnownFileType = sourcecode.c.h; name = ViewController.h; path = ../../SocketDemo/SocketDemo/ViewController.h; sourceTree = "<group>"; };
		5B6AE73927BB7AD200341A0B /* ViewController.m */ = {isa = PBXFileReference; fileEncoding = 4; lastKnownFileType = sourcecode.c.objc; name = ViewController.m; path = ../../SocketDemo/SocketDemo/ViewController.m; sourceTree = "<group>"; };
		5B6AE73B27BB7B1300341A0B /* ServerSocket.h */ = {isa = PBXFileReference; fileEncoding = 4; lastKnownFileType = sourcecode.c.h; name = ServerSocket.h; path = ../../SocketDemo/SocketDemo/ServerSocket.h; sourceTree = "<group>"; };
		5B6AE73C27BB7B1300341A0B /* ServerSocket.m */ = {isa = PBXFileReference; fileEncoding = 4; lastKnownFileType = sourcecode.c.objc; name = ServerSocket.m; path = ../../SocketDemo/SocketDemo/ServerSocket.m; sourceTree = "<group>"; };
		927996AA0C7961A83DC3BA96 /* Pods_ServerDemo_ServerDemoUITests.framework */ = {isa = PBXFileReference; explicitFileType = wrapper.framework; includeInIndex = 0; path = Pods_ServerDemo_ServerDemoUITests.framework; sourceTree = BUILT_PRODUCTS_DIR; };
		9CD55559ABC76451BA85BDF6 /* Pods-ServerDemoTests.debug.xcconfig */ = {isa = PBXFileReference; includeInIndex = 1; lastKnownFileType = text.xcconfig; name = "Pods-ServerDemoTests.debug.xcconfig"; path = "Target Support Files/Pods-ServerDemoTests/Pods-ServerDemoTests.debug.xcconfig"; sourceTree = "<group>"; };
		A13A78D5572857579647FC44 /* Pods-ServerDemo.debug.xcconfig */ = {isa = PBXFileReference; includeInIndex = 1; lastKnownFileType = text.xcconfig; name = "Pods-ServerDemo.debug.xcconfig"; path = "Target Support Files/Pods-ServerDemo/Pods-ServerDemo.debug.xcconfig"; sourceTree = "<group>"; };
		DB876B25787808906ACA3817 /* Pods-ServerDemoTests.release.xcconfig */ = {isa = PBXFileReference; includeInIndex = 1; lastKnownFileType = text.xcconfig; name = "Pods-ServerDemoTests.release.xcconfig"; path = "Target Support Files/Pods-ServerDemoTests/Pods-ServerDemoTests.release.xcconfig"; sourceTree = "<group>"; };
		F2E873C6C09BBA3236834C28 /* Pods_ServerDemo.framework */ = {isa = PBXFileReference; explicitFileType = wrapper.framework; includeInIndex = 0; path = Pods_ServerDemo.framework; sourceTree = BUILT_PRODUCTS_DIR; };
/* End PBXFileReference section */

/* Begin PBXFrameworksBuildPhase section */
		5B6AE6FD27BB413800341A0B /* Frameworks */ = {
			isa = PBXFrameworksBuildPhase;
			buildActionMask = 2147483647;
			files = (
				C19E5565F9D2B17BF3E12765 /* Pods_ServerDemo.framework in Frameworks */,
			);
			runOnlyForDeploymentPostprocessing = 0;
		};
		5B6AE71827BB413C00341A0B /* Frameworks */ = {
			isa = PBXFrameworksBuildPhase;
			buildActionMask = 2147483647;
			files = (
				8748EE0B29D7516708F2FFA5 /* Pods_ServerDemoTests.framework in Frameworks */,
			);
			runOnlyForDeploymentPostprocessing = 0;
		};
		5B6AE72227BB413C00341A0B /* Frameworks */ = {
			isa = PBXFrameworksBuildPhase;
			buildActionMask = 2147483647;
			files = (
				EA01D01D95F3A739B4B0B03F /* Pods_ServerDemo_ServerDemoUITests.framework in Frameworks */,
			);
			runOnlyForDeploymentPostprocessing = 0;
		};
/* End PBXFrameworksBuildPhase section */

/* Begin PBXGroup section */
		5B6AE6F727BB413800341A0B = {
			isa = PBXGroup;
			children = (
				5B6AE70227BB413800341A0B /* ServerDemo */,
				5B6AE71E27BB413C00341A0B /* ServerDemoTests */,
				5B6AE72827BB413C00341A0B /* ServerDemoUITests */,
				5B6AE70127BB413800341A0B /* Products */,
				D78F3DA5372C40D3A8F4A7DE /* Pods */,
				C35EB4531BA22786A3BBC75D /* Frameworks */,
			);
			sourceTree = "<group>";
		};
		5B6AE70127BB413800341A0B /* Products */ = {
			isa = PBXGroup;
			children = (
				5B6AE70027BB413800341A0B /* ServerDemo.app */,
				5B6AE71B27BB413C00341A0B /* ServerDemoTests.xctest */,
				5B6AE72527BB413C00341A0B /* ServerDemoUITests.xctest */,
			);
			name = Products;
			sourceTree = "<group>";
		};
		5B6AE70227BB413800341A0B /* ServerDemo */ = {
			isa = PBXGroup;
			children = (
				5B6AE70327BB413800341A0B /* AppDelegate.h */,
				5B6AE70427BB413800341A0B /* AppDelegate.m */,
				5B6AE70627BB413800341A0B /* SceneDelegate.h */,
				5B6AE70727BB413800341A0B /* SceneDelegate.m */,
				5B6AE73B27BB7B1300341A0B /* ServerSocket.h */,
				5B6AE73C27BB7B1300341A0B /* ServerSocket.m */,
				5B6AE73827BB7AD200341A0B /* ViewController.h */,
				5B6AE73927BB7AD200341A0B /* ViewController.m */,
				5B6AE70C27BB413800341A0B /* Main.storyboard */,
				5B6AE70F27BB413B00341A0B /* Assets.xcassets */,
				5B6AE71127BB413B00341A0B /* LaunchScreen.storyboard */,
				5B6AE71427BB413B00341A0B /* Info.plist */,
				5B6AE71527BB413B00341A0B /* main.m */,
			);
			path = ServerDemo;
			sourceTree = "<group>";
		};
		5B6AE71E27BB413C00341A0B /* ServerDemoTests */ = {
			isa = PBXGroup;
			children = (
				5B6AE71F27BB413C00341A0B /* ServerDemoTests.m */,
			);
			path = ServerDemoTests;
			sourceTree = "<group>";
		};
		5B6AE72827BB413C00341A0B /* ServerDemoUITests */ = {
			isa = PBXGroup;
			children = (
				5B6AE72927BB413C00341A0B /* ServerDemoUITests.m */,
				5B6AE72B27BB413C00341A0B /* ServerDemoUITestsLaunchTests.m */,
			);
			path = ServerDemoUITests;
			sourceTree = "<group>";
		};
		C35EB4531BA22786A3BBC75D /* Frameworks */ = {
			isa = PBXGroup;
			children = (
				F2E873C6C09BBA3236834C28 /* Pods_ServerDemo.framework */,
				927996AA0C7961A83DC3BA96 /* Pods_ServerDemo_ServerDemoUITests.framework */,
				57C8130179FB80830B5BEBB5 /* Pods_ServerDemoTests.framework */,
			);
			name = Frameworks;
			sourceTree = "<group>";
		};
		D78F3DA5372C40D3A8F4A7DE /* Pods */ = {
			isa = PBXGroup;
			children = (
				A13A78D5572857579647FC44 /* Pods-ServerDemo.debug.xcconfig */,
				14F5962FE2A89E40162F2DDD /* Pods-ServerDemo.release.xcconfig */,
				5569C107D6BF24DF66F20BED /* Pods-ServerDemo-ServerDemoUITests.debug.xcconfig */,
				1B6213359573E7737188DCBA /* Pods-ServerDemo-ServerDemoUITests.release.xcconfig */,
				9CD55559ABC76451BA85BDF6 /* Pods-ServerDemoTests.debug.xcconfig */,
				DB876B25787808906ACA3817 /* Pods-ServerDemoTests.release.xcconfig */,
			);
			name = Pods;
			path = Pods;
			sourceTree = "<group>";
		};
/* End PBXGroup section */

/* Begin PBXNativeTarget section */
		5B6AE6FF27BB413800341A0B /* ServerDemo */ = {
			isa = PBXNativeTarget;
			buildConfigurationList = 5B6AE72F27BB413C00341A0B /* Build configuration list for PBXNativeTarget "ServerDemo" */;
			buildPhases = (
				DAE64414B634FAC9CDD489B2 /* [CP] Check Pods Manifest.lock */,
				5B6AE6FC27BB413800341A0B /* Sources */,
				5B6AE6FD27BB413800341A0B /* Frameworks */,
				5B6AE6FE27BB413800341A0B /* Resources */,
				ED1885EA0831DDDA1B146412 /* [CP] Embed Pods Frameworks */,
			);
			buildRules = (
			);
			dependencies = (
			);
			name = ServerDemo;
			productName = ServerDemo;
			productReference = 5B6AE70027BB413800341A0B /* ServerDemo.app */;
			productType = "com.apple.product-type.application";
		};
		5B6AE71A27BB413C00341A0B /* ServerDemoTests */ = {
			isa = PBXNativeTarget;
			buildConfigurationList = 5B6AE73227BB413C00341A0B /* Build configuration list for PBXNativeTarget "ServerDemoTests" */;
			buildPhases = (
				06F9FBC99E55BFACFAF43D73 /* [CP] Check Pods Manifest.lock */,
				5B6AE71727BB413C00341A0B /* Sources */,
				5B6AE71827BB413C00341A0B /* Frameworks */,
				5B6AE71927BB413C00341A0B /* Resources */,
			);
			buildRules = (
			);
			dependencies = (
				5B6AE71D27BB413C00341A0B /* PBXTargetDependency */,
			);
			name = ServerDemoTests;
			productName = ServerDemoTests;
			productReference = 5B6AE71B27BB413C00341A0B /* ServerDemoTests.xctest */;
			productType = "com.apple.product-type.bundle.unit-test";
		};
		5B6AE72427BB413C00341A0B /* ServerDemoUITests */ = {
			isa = PBXNativeTarget;
			buildConfigurationList = 5B6AE73527BB413C00341A0B /* Build configuration list for PBXNativeTarget "ServerDemoUITests" */;
			buildPhases = (
				8A0F4D5A8F7AE307D5209A86 /* [CP] Check Pods Manifest.lock */,
				5B6AE72127BB413C00341A0B /* Sources */,
				5B6AE72227BB413C00341A0B /* Frameworks */,
				5B6AE72327BB413C00341A0B /* Resources */,
				9A8772E9A7BECA979CA2A236 /* [CP] Embed Pods Frameworks */,
			);
			buildRules = (
			);
			dependencies = (
				5B6AE72727BB413C00341A0B /* PBXTargetDependency */,
			);
			name = ServerDemoUITests;
			productName = ServerDemoUITests;
			productReference = 5B6AE72527BB413C00341A0B /* ServerDemoUITests.xctest */;
			productType = "com.apple.product-type.bundle.ui-testing";
		};
/* End PBXNativeTarget section */

/* Begin PBXProject section */
		5B6AE6F827BB413800341A0B /* Project object */ = {
			isa = PBXProject;
			attributes = {
				BuildIndependentTargetsInParallel = 1;
				LastUpgradeCheck = 1320;
				TargetAttributes = {
					5B6AE6FF27BB413800341A0B = {
						CreatedOnToolsVersion = 13.2.1;
					};
					5B6AE71A27BB413C00341A0B = {
						CreatedOnToolsVersion = 13.2.1;
						TestTargetID = 5B6AE6FF27BB413800341A0B;
					};
					5B6AE72427BB413C00341A0B = {
						CreatedOnToolsVersion = 13.2.1;
						TestTargetID = 5B6AE6FF27BB413800341A0B;
					};
				};
			};
			buildConfigurationList = 5B6AE6FB27BB413800341A0B /* Build configuration list for PBXProject "ServerDemo" */;
			compatibilityVersion = "Xcode 13.0";
			developmentRegion = en;
			hasScannedForEncodings = 0;
			knownRegions = (
				en,
				Base,
			);
			mainGroup = 5B6AE6F727BB413800341A0B;
			productRefGroup = 5B6AE70127BB413800341A0B /* Products */;
			projectDirPath = "";
			projectRoot = "";
			targets = (
				5B6AE6FF27BB413800341A0B /* ServerDemo */,
				5B6AE71A27BB413C00341A0B /* ServerDemoTests */,
				5B6AE72427BB413C00341A0B /* ServerDemoUITests */,
			);
		};
/* End PBXProject section */

/* Begin PBXResourcesBuildPhase section */
		5B6AE6FE27BB413800341A0B /* Resources */ = {
			isa = PBXResourcesBuildPhase;
			buildActionMask = 2147483647;
			files = (
				5B6AE71327BB413B00341A0B /* LaunchScreen.storyboard in Resources */,
				5B6AE71027BB413B00341A0B /* Assets.xcassets in Resources */,
				5B6AE70E27BB413800341A0B /* Main.storyboard in Resources */,
			);
			runOnlyForDeploymentPostprocessing = 0;
		};
		5B6AE71927BB413C00341A0B /* Resources */ = {
			isa = PBXResourcesBuildPhase;
			buildActionMask = 2147483647;
			files = (
			);
			runOnlyForDeploymentPostprocessing = 0;
		};
		5B6AE72327BB413C00341A0B /* Resources */ = {
			isa = PBXResourcesBuildPhase;
			buildActionMask = 2147483647;
			files = (
			);
			runOnlyForDeploymentPostprocessing = 0;
		};
/* End PBXResourcesBuildPhase section */

/* Begin PBXShellScriptBuildPhase section */
		06F9FBC99E55BFACFAF43D73 /* [CP] Check Pods Manifest.lock */ = {
			isa = PBXShellScriptBuildPhase;
			buildActionMask = 2147483647;
			files = (
			);
			inputFileListPaths = (
			);
			inputPaths = (
				"${PODS_PODFILE_DIR_PATH}/Podfile.lock",
				"${PODS_ROOT}/Manifest.lock",
			);
			name = "[CP] Check Pods Manifest.lock";
			outputFileListPaths = (
			);
			outputPaths = (
				"$(DERIVED_FILE_DIR)/Pods-ServerDemoTests-checkManifestLockResult.txt",
			);
			runOnlyForDeploymentPostprocessing = 0;
			shellPath = /bin/sh;
			shellScript = "diff \"${PODS_PODFILE_DIR_PATH}/Podfile.lock\" \"${PODS_ROOT}/Manifest.lock\" > /dev/null\nif [ $? != 0 ] ; then\n    # print error to STDERR\n    echo \"error: The sandbox is not in sync with the Podfile.lock. Run 'pod install' or update your CocoaPods installation.\" >&2\n    exit 1\nfi\n# This output is used by Xcode 'outputs' to avoid re-running this script phase.\necho \"SUCCESS\" > \"${SCRIPT_OUTPUT_FILE_0}\"\n";
			showEnvVarsInLog = 0;
		};
		8A0F4D5A8F7AE307D5209A86 /* [CP] Check Pods Manifest.lock */ = {
			isa = PBXShellScriptBuildPhase;
			buildActionMask = 2147483647;
			files = (
			);
			inputFileListPaths = (
			);
			inputPaths = (
				"${PODS_PODFILE_DIR_PATH}/Podfile.lock",
				"${PODS_ROOT}/Manifest.lock",
			);
			name = "[CP] Check Pods Manifest.lock";
			outputFileListPaths = (
			);
			outputPaths = (
				"$(DERIVED_FILE_DIR)/Pods-ServerDemo-ServerDemoUITests-checkManifestLockResult.txt",
			);
			runOnlyForDeploymentPostprocessing = 0;
			shellPath = /bin/sh;
			shellScript = "diff \"${PODS_PODFILE_DIR_PATH}/Podfile.lock\" \"${PODS_ROOT}/Manifest.lock\" > /dev/null\nif [ $? != 0 ] ; then\n    # print error to STDERR\n    echo \"error: The sandbox is not in sync with the Podfile.lock. Run 'pod install' or update your CocoaPods installation.\" >&2\n    exit 1\nfi\n# This output is used by Xcode 'outputs' to avoid re-running this script phase.\necho \"SUCCESS\" > \"${SCRIPT_OUTPUT_FILE_0}\"\n";
			showEnvVarsInLog = 0;
		};
		9A8772E9A7BECA979CA2A236 /* [CP] Embed Pods Frameworks */ = {
			isa = PBXShellScriptBuildPhase;
			buildActionMask = 2147483647;
			files = (
			);
			inputFileListPaths = (
				"${PODS_ROOT}/Target Support Files/Pods-ServerDemo-ServerDemoUITests/Pods-ServerDemo-ServerDemoUITests-frameworks-${CONFIGURATION}-input-files.xcfilelist",
			);
			name = "[CP] Embed Pods Frameworks";
			outputFileListPaths = (
				"${PODS_ROOT}/Target Support Files/Pods-ServerDemo-ServerDemoUITests/Pods-ServerDemo-ServerDemoUITests-frameworks-${CONFIGURATION}-output-files.xcfilelist",
			);
			runOnlyForDeploymentPostprocessing = 0;
			shellPath = /bin/sh;
			shellScript = "\"${PODS_ROOT}/Target Support Files/Pods-ServerDemo-ServerDemoUITests/Pods-ServerDemo-ServerDemoUITests-frameworks.sh\"\n";
			showEnvVarsInLog = 0;
		};
		DAE64414B634FAC9CDD489B2 /* [CP] Check Pods Manifest.lock */ = {
			isa = PBXShellScriptBuildPhase;
			buildActionMask = 2147483647;
			files = (
			);
			inputFileListPaths = (
			);
			inputPaths = (
				"${PODS_PODFILE_DIR_PATH}/Podfile.lock",
				"${PODS_ROOT}/Manifest.lock",
			);
			name = "[CP] Check Pods Manifest.lock";
			outputFileListPaths = (
			);
			outputPaths = (
				"$(DERIVED_FILE_DIR)/Pods-ServerDemo-checkManifestLockResult.txt",
			);
			runOnlyForDeploymentPostprocessing = 0;
			shellPath = /bin/sh;
			shellScript = "diff \"${PODS_PODFILE_DIR_PATH}/Podfile.lock\" \"${PODS_ROOT}/Manifest.lock\" > /dev/null\nif [ $? != 0 ] ; then\n    # print error to STDERR\n    echo \"error: The sandbox is not in sync with the Podfile.lock. Run 'pod install' or update your CocoaPods installation.\" >&2\n    exit 1\nfi\n# This output is used by Xcode 'outputs' to avoid re-running this script phase.\necho \"SUCCESS\" > \"${SCRIPT_OUTPUT_FILE_0}\"\n";
			showEnvVarsInLog = 0;
		};
		ED1885EA0831DDDA1B146412 /* [CP] Embed Pods Frameworks */ = {
			isa = PBXShellScriptBuildPhase;
			buildActionMask = 2147483647;
			files = (
			);
			inputFileListPaths = (
				"${PODS_ROOT}/Target Support Files/Pods-ServerDemo/Pods-ServerDemo-frameworks-${CONFIGURATION}-input-files.xcfilelist",
			);
			name = "[CP] Embed Pods Frameworks";
			outputFileListPaths = (
				"${PODS_ROOT}/Target Support Files/Pods-ServerDemo/Pods-ServerDemo-frameworks-${CONFIGURATION}-output-files.xcfilelist",
			);
			runOnlyForDeploymentPostprocessing = 0;
			shellPath = /bin/sh;
			shellScript = "\"${PODS_ROOT}/Target Support Files/Pods-ServerDemo/Pods-ServerDemo-frameworks.sh\"\n";
			showEnvVarsInLog = 0;
		};
/* End PBXShellScriptBuildPhase section */

/* Begin PBXSourcesBuildPhase section */
		5B6AE6FC27BB413800341A0B /* Sources */ = {
			isa = PBXSourcesBuildPhase;
			buildActionMask = 2147483647;
			files = (
				5B6AE73D27BB7B1300341A0B /* ServerSocket.m in Sources */,
				5B6AE70527BB413800341A0B /* AppDelegate.m in Sources */,
				5B6AE71627BB413B00341A0B /* main.m in Sources */,
				5B6AE73A27BB7AD200341A0B /* ViewController.m in Sources */,
				5B6AE70827BB413800341A0B /* SceneDelegate.m in Sources */,
			);
			runOnlyForDeploymentPostprocessing = 0;
		};
		5B6AE71727BB413C00341A0B /* Sources */ = {
			isa = PBXSourcesBuildPhase;
			buildActionMask = 2147483647;
			files = (
				5B6AE72027BB413C00341A0B /* ServerDemoTests.m in Sources */,
			);
			runOnlyForDeploymentPostprocessing = 0;
		};
		5B6AE72127BB413C00341A0B /* Sources */ = {
			isa = PBXSourcesBuildPhase;
			buildActionMask = 2147483647;
			files = (
				5B6AE72C27BB413C00341A0B /* ServerDemoUITestsLaunchTests.m in Sources */,
				5B6AE72A27BB413C00341A0B /* ServerDemoUITests.m in Sources */,
			);
			runOnlyForDeploymentPostprocessing = 0;
		};
/* End PBXSourcesBuildPhase section */

/* Begin PBXTargetDependency section */
		5B6AE71D27BB413C00341A0B /* PBXTargetDependency */ = {
			isa = PBXTargetDependency;
			target = 5B6AE6FF27BB413800341A0B /* ServerDemo */;
			targetProxy = 5B6AE71C27BB413C00341A0B /* PBXContainerItemProxy */;
		};
		5B6AE72727BB413C00341A0B /* PBXTargetDependency */ = {
			isa = PBXTargetDependency;
			target = 5B6AE6FF27BB413800341A0B /* ServerDemo */;
			targetProxy = 5B6AE72627BB413C00341A0B /* PBXContainerItemProxy */;
		};
/* End PBXTargetDependency section */

/* Begin PBXVariantGroup section */
		5B6AE70C27BB413800341A0B /* Main.storyboard */ = {
			isa = PBXVariantGroup;
			children = (
				5B6AE70D27BB413800341A0B /* Base */,
			);
			name = Main.storyboard;
			sourceTree = "<group>";
		};
		5B6AE71127BB413B00341A0B /* LaunchScreen.storyboard */ = {
			isa = PBXVariantGroup;
			children = (
				5B6AE71227BB413B00341A0B /* Base */,
			);
			name = LaunchScreen.storyboard;
			sourceTree = "<group>";
		};
/* End PBXVariantGroup section */

/* Begin XCBuildConfiguration section */
		5B6AE72D27BB413C00341A0B /* Debug */ = {
			isa = XCBuildConfiguration;
			buildSettings = {
				ALWAYS_SEARCH_USER_PATHS = NO;
				CLANG_ANALYZER_NONNULL = YES;
				CLANG_ANALYZER_NUMBER_OBJECT_CONVERSION = YES_AGGRESSIVE;
				CLANG_CXX_LANGUAGE_STANDARD = "gnu++17";
				CLANG_CXX_LIBRARY = "libc++";
				CLANG_ENABLE_MODULES = YES;
				CLANG_ENABLE_OBJC_ARC = YES;
				CLANG_ENABLE_OBJC_WEAK = YES;
				CLANG_WARN_BLOCK_CAPTURE_AUTORELEASING = YES;
				CLANG_WARN_BOOL_CONVERSION = YES;
				CLANG_WARN_COMMA = YES;
				CLANG_WARN_CONSTANT_CONVERSION = YES;
				CLANG_WARN_DEPRECATED_OBJC_IMPLEMENTATIONS = YES;
				CLANG_WARN_DIRECT_OBJC_ISA_USAGE = YES_ERROR;
				CLANG_WARN_DOCUMENTATION_COMMENTS = YES;
				CLANG_WARN_EMPTY_BODY = YES;
				CLANG_WARN_ENUM_CONVERSION = YES;
				CLANG_WARN_INFINITE_RECURSION = YES;
				CLANG_WARN_INT_CONVERSION = YES;
				CLANG_WARN_NON_LITERAL_NULL_CONVERSION = YES;
				CLANG_WARN_OBJC_IMPLICIT_RETAIN_SELF = YES;
				CLANG_WARN_OBJC_LITERAL_CONVERSION = YES;
				CLANG_WARN_OBJC_ROOT_CLASS = YES_ERROR;
				CLANG_WARN_QUOTED_INCLUDE_IN_FRAMEWORK_HEADER = YES;
				CLANG_WARN_RANGE_LOOP_ANALYSIS = YES;
				CLANG_WARN_STRICT_PROTOTYPES = YES;
				CLANG_WARN_SUSPICIOUS_MOVE = YES;
				CLANG_WARN_UNGUARDED_AVAILABILITY = YES_AGGRESSIVE;
				CLANG_WARN_UNREACHABLE_CODE = YES;
				CLANG_WARN__DUPLICATE_METHOD_MATCH = YES;
				COPY_PHASE_STRIP = NO;
				DEBUG_INFORMATION_FORMAT = dwarf;
				ENABLE_STRICT_OBJC_MSGSEND = YES;
				ENABLE_TESTABILITY = YES;
				GCC_C_LANGUAGE_STANDARD = gnu11;
				GCC_DYNAMIC_NO_PIC = NO;
				GCC_NO_COMMON_BLOCKS = YES;
				GCC_OPTIMIZATION_LEVEL = 0;
				GCC_PREPROCESSOR_DEFINITIONS = (
					"DEBUG=1",
					"$(inherited)",
				);
				GCC_WARN_64_TO_32_BIT_CONVERSION = YES;
				GCC_WARN_ABOUT_RETURN_TYPE = YES_ERROR;
				GCC_WARN_UNDECLARED_SELECTOR = YES;
				GCC_WARN_UNINITIALIZED_AUTOS = YES_AGGRESSIVE;
				GCC_WARN_UNUSED_FUNCTION = YES;
				GCC_WARN_UNUSED_VARIABLE = YES;
				IPHONEOS_DEPLOYMENT_TARGET = 15.2;
				MTL_ENABLE_DEBUG_INFO = INCLUDE_SOURCE;
				MTL_FAST_MATH = YES;
				ONLY_ACTIVE_ARCH = YES;
				SDKROOT = iphoneos;
			};
			name = Debug;
		};
		5B6AE72E27BB413C00341A0B /* Release */ = {
			isa = XCBuildConfiguration;
			buildSettings = {
				ALWAYS_SEARCH_USER_PATHS = NO;
				CLANG_ANALYZER_NONNULL = YES;
				CLANG_ANALYZER_NUMBER_OBJECT_CONVERSION = YES_AGGRESSIVE;
				CLANG_CXX_LANGUAGE_STANDARD = "gnu++17";
				CLANG_CXX_LIBRARY = "libc++";
				CLANG_ENABLE_MODULES = YES;
				CLANG_ENABLE_OBJC_ARC = YES;
				CLANG_ENABLE_OBJC_WEAK = YES;
				CLANG_WARN_BLOCK_CAPTURE_AUTORELEASING = YES;
				CLANG_WARN_BOOL_CONVERSION = YES;
				CLANG_WARN_COMMA = YES;
				CLANG_WARN_CONSTANT_CONVERSION = YES;
				CLANG_WARN_DEPRECATED_OBJC_IMPLEMENTATIONS = YES;
				CLANG_WARN_DIRECT_OBJC_ISA_USAGE = YES_ERROR;
				CLANG_WARN_DOCUMENTATION_COMMENTS = YES;
				CLANG_WARN_EMPTY_BODY = YES;
				CLANG_WARN_ENUM_CONVERSION = YES;
				CLANG_WARN_INFINITE_RECURSION = YES;
				CLANG_WARN_INT_CONVERSION = YES;
				CLANG_WARN_NON_LITERAL_NULL_CONVERSION = YES;
				CLANG_WARN_OBJC_IMPLICIT_RETAIN_SELF = YES;
				CLANG_WARN_OBJC_LITERAL_CONVERSION = YES;
				CLANG_WARN_OBJC_ROOT_CLASS = YES_ERROR;
				CLANG_WARN_QUOTED_INCLUDE_IN_FRAMEWORK_HEADER = YES;
				CLANG_WARN_RANGE_LOOP_ANALYSIS = YES;
				CLANG_WARN_STRICT_PROTOTYPES = YES;
				CLANG_WARN_SUSPICIOUS_MOVE = YES;
				CLANG_WARN_UNGUARDED_AVAILABILITY = YES_AGGRESSIVE;
				CLANG_WARN_UNREACHABLE_CODE = YES;
				CLANG_WARN__DUPLICATE_METHOD_MATCH = YES;
				COPY_PHASE_STRIP = NO;
				DEBUG_INFORMATION_FORMAT = "dwarf-with-dsym";
				ENABLE_NS_ASSERTIONS = NO;
				ENABLE_STRICT_OBJC_MSGSEND = YES;
				GCC_C_LANGUAGE_STANDARD = gnu11;
				GCC_NO_COMMON_BLOCKS = YES;
				GCC_WARN_64_TO_32_BIT_CONVERSION = YES;
				GCC_WARN_ABOUT_RETURN_TYPE = YES_ERROR;
				GCC_WARN_UNDECLARED_SELECTOR = YES;
				GCC_WARN_UNINITIALIZED_AUTOS = YES_AGGRESSIVE;
				GCC_WARN_UNUSED_FUNCTION = YES;
				GCC_WARN_UNUSED_VARIABLE = YES;
				IPHONEOS_DEPLOYMENT_TARGET = 15.2;
				MTL_ENABLE_DEBUG_INFO = NO;
				MTL_FAST_MATH = YES;
				SDKROOT = iphoneos;
				VALIDATE_PRODUCT = YES;
			};
			name = Release;
		};
		5B6AE73027BB413C00341A0B /* Debug */ = {
			isa = XCBuildConfiguration;
			baseConfigurationReference = A13A78D5572857579647FC44 /* Pods-ServerDemo.debug.xcconfig */;
			buildSettings = {
				ASSETCATALOG_COMPILER_APPICON_NAME = AppIcon;
				ASSETCATALOG_COMPILER_GLOBAL_ACCENT_COLOR_NAME = AccentColor;
				CODE_SIGN_STYLE = Automatic;
				CURRENT_PROJECT_VERSION = 1;
				DEVELOPMENT_TEAM = 83J8888V77;
				GENERATE_INFOPLIST_FILE = YES;
				INFOPLIST_FILE = ServerDemo/Info.plist;
				INFOPLIST_KEY_UIApplicationSupportsIndirectInputEvents = YES;
				INFOPLIST_KEY_UILaunchStoryboardName = LaunchScreen;
				INFOPLIST_KEY_UIMainStoryboardFile = Main;
				INFOPLIST_KEY_UISupportedInterfaceOrientations_iPad = "UIInterfaceOrientationPortrait UIInterfaceOrientationPortraitUpsideDown UIInterfaceOrientationLandscapeLeft UIInterfaceOrientationLandscapeRight";
				INFOPLIST_KEY_UISupportedInterfaceOrientations_iPhone = "UIInterfaceOrientationPortrait UIInterfaceOrientationLandscapeLeft UIInterfaceOrientationLandscapeRight";
				LD_RUNPATH_SEARCH_PATHS = (
					"$(inherited)",
					"@executable_path/Frameworks",
				);
				MARKETING_VERSION = 1.0;
				PRODUCT_BUNDLE_IDENTIFIER = com.twistedfate.www.ServerDemo;
				PRODUCT_NAME = "$(TARGET_NAME)";
				SWIFT_EMIT_LOC_STRINGS = YES;
				TARGETED_DEVICE_FAMILY = "1,2";
			};
			name = Debug;
		};
		5B6AE73127BB413C00341A0B /* Release */ = {
			isa = XCBuildConfiguration;
			baseConfigurationReference = 14F5962FE2A89E40162F2DDD /* Pods-ServerDemo.release.xcconfig */;
			buildSettings = {
				ASSETCATALOG_COMPILER_APPICON_NAME = AppIcon;
				ASSETCATALOG_COMPILER_GLOBAL_ACCENT_COLOR_NAME = AccentColor;
				CODE_SIGN_STYLE = Automatic;
				CURRENT_PROJECT_VERSION = 1;
				DEVELOPMENT_TEAM = 83J8888V77;
				GENERATE_INFOPLIST_FILE = YES;
				INFOPLIST_FILE = ServerDemo/Info.plist;
				INFOPLIST_KEY_UIApplicationSupportsIndirectInputEvents = YES;
				INFOPLIST_KEY_UILaunchStoryboardName = LaunchScreen;
				INFOPLIST_KEY_UIMainStoryboardFile = Main;
				INFOPLIST_KEY_UISupportedInterfaceOrientations_iPad = "UIInterfaceOrientationPortrait UIInterfaceOrientationPortraitUpsideDown UIInterfaceOrientationLandscapeLeft UIInterfaceOrientationLandscapeRight";
				INFOPLIST_KEY_UISupportedInterfaceOrientations_iPhone = "UIInterfaceOrientationPortrait UIInterfaceOrientationLandscapeLeft UIInterfaceOrientationLandscapeRight";
				LD_RUNPATH_SEARCH_PATHS = (
					"$(inherited)",
					"@executable_path/Frameworks",
				);
				MARKETING_VERSION = 1.0;
				PRODUCT_BUNDLE_IDENTIFIER = com.twistedfate.www.ServerDemo;
				PRODUCT_NAME = "$(TARGET_NAME)";
				SWIFT_EMIT_LOC_STRINGS = YES;
				TARGETED_DEVICE_FAMILY = "1,2";
			};
			name = Release;
		};
		5B6AE73327BB413C00341A0B /* Debug */ = {
			isa = XCBuildConfiguration;
			baseConfigurationReference = 9CD55559ABC76451BA85BDF6 /* Pods-ServerDemoTests.debug.xcconfig */;
			buildSettings = {
				BUNDLE_LOADER = "$(TEST_HOST)";
				CODE_SIGN_STYLE = Automatic;
				CURRENT_PROJECT_VERSION = 1;
				DEVELOPMENT_TEAM = 83J8888V77;
				GENERATE_INFOPLIST_FILE = YES;
				IPHONEOS_DEPLOYMENT_TARGET = 15.2;
				MARKETING_VERSION = 1.0;
				PRODUCT_BUNDLE_IDENTIFIER = com.twistedfate.www.ServerDemoTests;
				PRODUCT_NAME = "$(TARGET_NAME)";
				SWIFT_EMIT_LOC_STRINGS = NO;
				TARGETED_DEVICE_FAMILY = "1,2";
				TEST_HOST = "$(BUILT_PRODUCTS_DIR)/ServerDemo.app/ServerDemo";
			};
			name = Debug;
		};
		5B6AE73427BB413C00341A0B /* Release */ = {
			isa = XCBuildConfiguration;
			baseConfigurationReference = DB876B25787808906ACA3817 /* Pods-ServerDemoTests.release.xcconfig */;
			buildSettings = {
				BUNDLE_LOADER = "$(TEST_HOST)";
				CODE_SIGN_STYLE = Automatic;
				CURRENT_PROJECT_VERSION = 1;
				DEVELOPMENT_TEAM = 83J8888V77;
				GENERATE_INFOPLIST_FILE = YES;
				IPHONEOS_DEPLOYMENT_TARGET = 15.2;
				MARKETING_VERSION = 1.0;
				PRODUCT_BUNDLE_IDENTIFIER = com.twistedfate.www.ServerDemoTests;
				PRODUCT_NAME = "$(TARGET_NAME)";
				SWIFT_EMIT_LOC_STRINGS = NO;
				TARGETED_DEVICE_FAMILY = "1,2";
				TEST_HOST = "$(BUILT_PRODUCTS_DIR)/ServerDemo.app/ServerDemo";
			};
			name = Release;
		};
		5B6AE73627BB413C00341A0B /* Debug */ = {
			isa = XCBuildConfiguration;
			baseConfigurationReference = 5569C107D6BF24DF66F20BED /* Pods-ServerDemo-ServerDemoUITests.debug.xcconfig */;
			buildSettings = {
				CODE_SIGN_STYLE = Automatic;
				CURRENT_PROJECT_VERSION = 1;
				DEVELOPMENT_TEAM = 83J8888V77;
				GENERATE_INFOPLIST_FILE = YES;
				MARKETING_VERSION = 1.0;
				PRODUCT_BUNDLE_IDENTIFIER = com.twistedfate.www.ServerDemoUITests;
				PRODUCT_NAME = "$(TARGET_NAME)";
				SWIFT_EMIT_LOC_STRINGS = NO;
				TARGETED_DEVICE_FAMILY = "1,2";
				TEST_TARGET_NAME = ServerDemo;
			};
			name = Debug;
		};
		5B6AE73727BB413C00341A0B /* Release */ = {
			isa = XCBuildConfiguration;
			baseConfigurationReference = 1B6213359573E7737188DCBA /* Pods-ServerDemo-ServerDemoUITests.release.xcconfig */;
			buildSettings = {
				CODE_SIGN_STYLE = Automatic;
				CURRENT_PROJECT_VERSION = 1;
				DEVELOPMENT_TEAM = 83J8888V77;
				GENERATE_INFOPLIST_FILE = YES;
				MARKETING_VERSION = 1.0;
				PRODUCT_BUNDLE_IDENTIFIER = com.twistedfate.www.ServerDemoUITests;
				PRODUCT_NAME = "$(TARGET_NAME)";
				SWIFT_EMIT_LOC_STRINGS = NO;
				TARGETED_DEVICE_FAMILY = "1,2";
				TEST_TARGET_NAME = ServerDemo;
			};
			name = Release;
		};
/* End XCBuildConfiguration section */

/* Begin XCConfigurationList section */
		5B6AE6FB27BB413800341A0B /* Build configuration list for PBXProject "ServerDemo" */ = {
			isa = XCConfigurationList;
			buildConfigurations = (
				5B6AE72D27BB413C00341A0B /* Debug */,
				5B6AE72E27BB413C00341A0B /* Release */,
			);
			defaultConfigurationIsVisible = 0;
			defaultConfigurationName = Release;
		};
		5B6AE72F27BB413C00341A0B /* Build configuration list for PBXNativeTarget "ServerDemo" */ = {
			isa = XCConfigurationList;
			buildConfigurations = (
				5B6AE73027BB413C00341A0B /* Debug */,
				5B6AE73127BB413C00341A0B /* Release */,
			);
			defaultConfigurationIsVisible = 0;
			defaultConfigurationName = Release;
		};
		5B6AE73227BB413C00341A0B /* Build configuration list for PBXNativeTarget "ServerDemoTests" */ = {
			isa = XCConfigurationList;
			buildConfigurations = (
				5B6AE73327BB413C00341A0B /* Debug */,
				5B6AE73427BB413C00341A0B /* Release */,
			);
			defaultConfigurationIsVisible = 0;
			defaultConfigurationName = Release;
		};
		5B6AE73527BB413C00341A0B /* Build configuration list for PBXNativeTarget "ServerDemoUITests" */ = {
			isa = XCConfigurationList;
			buildConfigurations = (
				5B6AE73627BB413C00341A0B /* Debug */,
				5B6AE73727BB413C00341A0B /* Release */,
			);
			defaultConfigurationIsVisible = 0;
			defaultConfigurationName = Release;
		};
/* End XCConfigurationList section */
	};
	rootObject = 5B6AE6F827BB413800341A0B /* Project object */;
}
