// !$*UTF8*$!
{
	archiveVersion = 1;
	classes = {
	};
	objectVersion = 55;
	objects = {

/* Begin PBXBuildFile section */
		5B3E1A3B287479BF00695A0D /* HomeViewController.m in Sources */ = {isa = PBXBuildFile; fileRef = 5B3E1A3A287479BF00695A0D /* HomeViewController.m */; };
		5B9A43EC28740B6D00725533 /* AppDelegate.m in Sources */ = {isa = PBXBuildFile; fileRef = 5B9A43EB28740B6D00725533 /* AppDelegate.m */; };
		5B9A43EF28740B6D00725533 /* SceneDelegate.m in Sources */ = {isa = PBXBuildFile; fileRef = 5B9A43EE28740B6D00725533 /* SceneDelegate.m */; };
		5B9A43F528740B6D00725533 /* Main.storyboard in Resources */ = {isa = PBXBuildFile; fileRef = 5B9A43F328740B6D00725533 /* Main.storyboard */; };
		5B9A43F728740B6F00725533 /* Assets.xcassets in Resources */ = {isa = PBXBuildFile; fileRef = 5B9A43F628740B6F00725533 /* Assets.xcassets */; };
		5B9A43FA28740B6F00725533 /* LaunchScreen.storyboard in Resources */ = {isa = PBXBuildFile; fileRef = 5B9A43F828740B6F00725533 /* LaunchScreen.storyboard */; };
		5B9A43FD28740B6F00725533 /* main.m in Sources */ = {isa = PBXBuildFile; fileRef = 5B9A43FC28740B6F00725533 /* main.m */; };
		5B9A440628740BB700725533 /* MVPTableViewCell.m in Sources */ = {isa = PBXBuildFile; fileRef = 5B9A440528740BB700725533 /* MVPTableViewCell.m */; };
		5B9A440928740BC900725533 /* MVPViewController.m in Sources */ = {isa = PBXBuildFile; fileRef = 5B9A440828740BC900725533 /* MVPViewController.m */; };
		5B9A440C28740BDF00725533 /* Present.m in Sources */ = {isa = PBXBuildFile; fileRef = 5B9A440B28740BDF00725533 /* Present.m */; };
		5B9A440F28740BEC00725533 /* MVPModel.m in Sources */ = {isa = PBXBuildFile; fileRef = 5B9A440E28740BEC00725533 /* MVPModel.m */; };
		5B9A441128740C3B00725533 /* json.plist in Resources */ = {isa = PBXBuildFile; fileRef = 5B9A441028740C3B00725533 /* json.plist */; };
		5B9A4415287525BD00725533 /* DataSource.m in Sources */ = {isa = PBXBuildFile; fileRef = 5B9A4414287525BD00725533 /* DataSource.m */; };
		8DD91BF0884FBC638A0BFABD /* Pods_MVCDemo.framework in Frameworks */ = {isa = PBXBuildFile; fileRef = 3966EB2EC2141888E704F40E /* Pods_MVCDemo.framework */; };
/* End PBXBuildFile section */

/* Begin PBXFileReference section */
		33A07D7D7F795549FE9FC818 /* Pods-MVCDemo.release.xcconfig */ = {isa = PBXFileReference; includeInIndex = 1; lastKnownFileType = text.xcconfig; name = "Pods-MVCDemo.release.xcconfig"; path = "Target Support Files/Pods-MVCDemo/Pods-MVCDemo.release.xcconfig"; sourceTree = "<group>"; };
		3966EB2EC2141888E704F40E /* Pods_MVCDemo.framework */ = {isa = PBXFileReference; explicitFileType = wrapper.framework; includeInIndex = 0; path = Pods_MVCDemo.framework; sourceTree = BUILT_PRODUCTS_DIR; };
		5B3E1A39287479BF00695A0D /* HomeViewController.h */ = {isa = PBXFileReference; lastKnownFileType = sourcecode.c.h; path = HomeViewController.h; sourceTree = "<group>"; };
		5B3E1A3A287479BF00695A0D /* HomeViewController.m */ = {isa = PBXFileReference; lastKnownFileType = sourcecode.c.objc; path = HomeViewController.m; sourceTree = "<group>"; };
		5B3E1A3C28747F7B00695A0D /* PrefixHeader.h */ = {isa = PBXFileReference; lastKnownFileType = sourcecode.c.h; path = PrefixHeader.h; sourceTree = "<group>"; };
		5B9A43E728740B6D00725533 /* MVCDemo.app */ = {isa = PBXFileReference; explicitFileType = wrapper.application; includeInIndex = 0; path = MVCDemo.app; sourceTree = BUILT_PRODUCTS_DIR; };
		5B9A43EA28740B6D00725533 /* AppDelegate.h */ = {isa = PBXFileReference; lastKnownFileType = sourcecode.c.h; path = AppDelegate.h; sourceTree = "<group>"; };
		5B9A43EB28740B6D00725533 /* AppDelegate.m */ = {isa = PBXFileReference; lastKnownFileType = sourcecode.c.objc; path = AppDelegate.m; sourceTree = "<group>"; };
		5B9A43ED28740B6D00725533 /* SceneDelegate.h */ = {isa = PBXFileReference; lastKnownFileType = sourcecode.c.h; path = SceneDelegate.h; sourceTree = "<group>"; };
		5B9A43EE28740B6D00725533 /* SceneDelegate.m */ = {isa = PBXFileReference; lastKnownFileType = sourcecode.c.objc; path = SceneDelegate.m; sourceTree = "<group>"; };
		5B9A43F428740B6D00725533 /* Base */ = {isa = PBXFileReference; lastKnownFileType = file.storyboard; name = Base; path = Base.lproj/Main.storyboard; sourceTree = "<group>"; };
		5B9A43F628740B6F00725533 /* Assets.xcassets */ = {isa = PBXFileReference; lastKnownFileType = folder.assetcatalog; path = Assets.xcassets; sourceTree = "<group>"; };
		5B9A43F928740B6F00725533 /* Base */ = {isa = PBXFileReference; lastKnownFileType = file.storyboard; name = Base; path = Base.lproj/LaunchScreen.storyboard; sourceTree = "<group>"; };
		5B9A43FB28740B6F00725533 /* Info.plist */ = {isa = PBXFileReference; lastKnownFileType = text.plist.xml; path = Info.plist; sourceTree = "<group>"; };
		5B9A43FC28740B6F00725533 /* main.m */ = {isa = PBXFileReference; lastKnownFileType = sourcecode.c.objc; path = main.m; sourceTree = "<group>"; };
		5B9A440428740BB700725533 /* MVPTableViewCell.h */ = {isa = PBXFileReference; lastKnownFileType = sourcecode.c.h; path = MVPTableViewCell.h; sourceTree = "<group>"; };
		5B9A440528740BB700725533 /* MVPTableViewCell.m */ = {isa = PBXFileReference; lastKnownFileType = sourcecode.c.objc; path = MVPTableViewCell.m; sourceTree = "<group>"; };
		5B9A440728740BC900725533 /* MVPViewController.h */ = {isa = PBXFileReference; lastKnownFileType = sourcecode.c.h; path = MVPViewController.h; sourceTree = "<group>"; };
		5B9A440828740BC900725533 /* MVPViewController.m */ = {isa = PBXFileReference; lastKnownFileType = sourcecode.c.objc; path = MVPViewController.m; sourceTree = "<group>"; };
		5B9A440A28740BDF00725533 /* Present.h */ = {isa = PBXFileReference; lastKnownFileType = sourcecode.c.h; path = Present.h; sourceTree = "<group>"; };
		5B9A440B28740BDF00725533 /* Present.m */ = {isa = PBXFileReference; lastKnownFileType = sourcecode.c.objc; path = Present.m; sourceTree = "<group>"; };
		5B9A440D28740BEC00725533 /* MVPModel.h */ = {isa = PBXFileReference; lastKnownFileType = sourcecode.c.h; path = MVPModel.h; sourceTree = "<group>"; };
		5B9A440E28740BEC00725533 /* MVPModel.m */ = {isa = PBXFileReference; lastKnownFileType = sourcecode.c.objc; path = MVPModel.m; sourceTree = "<group>"; };
		5B9A441028740C3B00725533 /* json.plist */ = {isa = PBXFileReference; fileEncoding = 4; lastKnownFileType = text.plist.xml; path = json.plist; sourceTree = "<group>"; };
		5B9A4413287525BD00725533 /* DataSource.h */ = {isa = PBXFileReference; lastKnownFileType = sourcecode.c.h; path = DataSource.h; sourceTree = "<group>"; };
		5B9A4414287525BD00725533 /* DataSource.m */ = {isa = PBXFileReference; lastKnownFileType = sourcecode.c.objc; path = DataSource.m; sourceTree = "<group>"; };
		9CB280E50A513084B2FD0003 /* Pods-MVCDemo.debug.xcconfig */ = {isa = PBXFileReference; includeInIndex = 1; lastKnownFileType = text.xcconfig; name = "Pods-MVCDemo.debug.xcconfig"; path = "Target Support Files/Pods-MVCDemo/Pods-MVCDemo.debug.xcconfig"; sourceTree = "<group>"; };
/* End PBXFileReference section */

/* Begin PBXFrameworksBuildPhase section */
		5B9A43E428740B6D00725533 /* Frameworks */ = {
			isa = PBXFrameworksBuildPhase;
			buildActionMask = 2147483647;
			files = (
				8DD91BF0884FBC638A0BFABD /* Pods_MVCDemo.framework in Frameworks */,
			);
			runOnlyForDeploymentPostprocessing = 0;
		};
/* End PBXFrameworksBuildPhase section */

/* Begin PBXGroup section */
		474FE20700CE41C17594204B /* Frameworks */ = {
			isa = PBXGroup;
			children = (
				3966EB2EC2141888E704F40E /* Pods_MVCDemo.framework */,
			);
			name = Frameworks;
			sourceTree = "<group>";
		};
		5B9A43DE28740B6D00725533 = {
			isa = PBXGroup;
			children = (
				5B9A43E928740B6D00725533 /* MVCDemo */,
				5B9A43E828740B6D00725533 /* Products */,
				E3AD8A83B9655DC8D163B238 /* Pods */,
				474FE20700CE41C17594204B /* Frameworks */,
			);
			sourceTree = "<group>";
		};
		5B9A43E828740B6D00725533 /* Products */ = {
			isa = PBXGroup;
			children = (
				5B9A43E728740B6D00725533 /* MVCDemo.app */,
			);
			name = Products;
			sourceTree = "<group>";
		};
		5B9A43E928740B6D00725533 /* MVCDemo */ = {
			isa = PBXGroup;
			children = (
				5B9A44122875259A00725533 /* MVVM */,
				5B9A441028740C3B00725533 /* json.plist */,
				5B9A440328740B8E00725533 /* MVP */,
				5B9A43EA28740B6D00725533 /* AppDelegate.h */,
				5B9A43EB28740B6D00725533 /* AppDelegate.m */,
				5B9A43ED28740B6D00725533 /* SceneDelegate.h */,
				5B9A43EE28740B6D00725533 /* SceneDelegate.m */,
				5B9A43F328740B6D00725533 /* Main.storyboard */,
				5B9A43F628740B6F00725533 /* Assets.xcassets */,
				5B9A43F828740B6F00725533 /* LaunchScreen.storyboard */,
				5B9A43FB28740B6F00725533 /* Info.plist */,
				5B9A43FC28740B6F00725533 /* main.m */,
				5B3E1A39287479BF00695A0D /* HomeViewController.h */,
				5B3E1A3A287479BF00695A0D /* HomeViewController.m */,
				5B3E1A3C28747F7B00695A0D /* PrefixHeader.h */,
			);
			path = MVCDemo;
			sourceTree = "<group>";
		};
		5B9A440328740B8E00725533 /* MVP */ = {
			isa = PBXGroup;
			children = (
				5B9A440428740BB700725533 /* MVPTableViewCell.h */,
				5B9A440528740BB700725533 /* MVPTableViewCell.m */,
				5B9A440728740BC900725533 /* MVPViewController.h */,
				5B9A440828740BC900725533 /* MVPViewController.m */,
				5B9A440A28740BDF00725533 /* Present.h */,
				5B9A440B28740BDF00725533 /* Present.m */,
				5B9A440D28740BEC00725533 /* MVPModel.h */,
				5B9A440E28740BEC00725533 /* MVPModel.m */,
				5B9A4413287525BD00725533 /* DataSource.h */,
				5B9A4414287525BD00725533 /* DataSource.m */,
			);
			path = MVP;
			sourceTree = "<group>";
		};
		5B9A44122875259A00725533 /* MVVM */ = {
			isa = PBXGroup;
			children = (
			);
			path = MVVM;
			sourceTree = "<group>";
		};
		E3AD8A83B9655DC8D163B238 /* Pods */ = {
			isa = PBXGroup;
			children = (
				9CB280E50A513084B2FD0003 /* Pods-MVCDemo.debug.xcconfig */,
				33A07D7D7F795549FE9FC818 /* Pods-MVCDemo.release.xcconfig */,
			);
			path = Pods;
			sourceTree = "<group>";
		};
/* End PBXGroup section */

/* Begin PBXNativeTarget section */
		5B9A43E628740B6D00725533 /* MVCDemo */ = {
			isa = PBXNativeTarget;
			buildConfigurationList = 5B9A440028740B6F00725533 /* Build configuration list for PBXNativeTarget "MVCDemo" */;
			buildPhases = (
				DED052725B32E4003F48462F /* [CP] Check Pods Manifest.lock */,
				5B9A43E328740B6D00725533 /* Sources */,
				5B9A43E428740B6D00725533 /* Frameworks */,
				5B9A43E528740B6D00725533 /* Resources */,
				F6A9C49DC5C27CE6C1D66A95 /* [CP] Embed Pods Frameworks */,
			);
			buildRules = (
			);
			dependencies = (
			);
			name = MVCDemo;
			productName = MVCDemo;
			productReference = 5B9A43E728740B6D00725533 /* MVCDemo.app */;
			productType = "com.apple.product-type.application";
		};
/* End PBXNativeTarget section */

/* Begin PBXProject section */
		5B9A43DF28740B6D00725533 /* Project object */ = {
			isa = PBXProject;
			attributes = {
				BuildIndependentTargetsInParallel = 1;
				LastUpgradeCheck = 1320;
				TargetAttributes = {
					5B9A43E628740B6D00725533 = {
						CreatedOnToolsVersion = 13.2.1;
					};
				};
			};
			buildConfigurationList = 5B9A43E228740B6D00725533 /* Build configuration list for PBXProject "MVCDemo" */;
			compatibilityVersion = "Xcode 13.0";
			developmentRegion = en;
			hasScannedForEncodings = 0;
			knownRegions = (
				en,
				Base,
			);
			mainGroup = 5B9A43DE28740B6D00725533;
			productRefGroup = 5B9A43E828740B6D00725533 /* Products */;
			projectDirPath = "";
			projectRoot = "";
			targets = (
				5B9A43E628740B6D00725533 /* MVCDemo */,
			);
		};
/* End PBXProject section */

/* Begin PBXResourcesBuildPhase section */
		5B9A43E528740B6D00725533 /* Resources */ = {
			isa = PBXResourcesBuildPhase;
			buildActionMask = 2147483647;
			files = (
				5B9A43FA28740B6F00725533 /* LaunchScreen.storyboard in Resources */,
				5B9A43F728740B6F00725533 /* Assets.xcassets in Resources */,
				5B9A441128740C3B00725533 /* json.plist in Resources */,
				5B9A43F528740B6D00725533 /* Main.storyboard in Resources */,
			);
			runOnlyForDeploymentPostprocessing = 0;
		};
/* End PBXResourcesBuildPhase section */

/* Begin PBXShellScriptBuildPhase section */
		DED052725B32E4003F48462F /* [CP] Check Pods Manifest.lock */ = {
			isa = PBXShellScriptBuildPhase;
			buildActionMask = 2147483647;
			files = (
			);
			inputFileListPaths = (
			);
			inputPaths = (
				"${PODS_PODFILE_DIR_PATH}/Podfile.lock",
				"${PODS_ROOT}/Manifest.lock",
			);
			name = "[CP] Check Pods Manifest.lock";
			outputFileListPaths = (
			);
			outputPaths = (
				"$(DERIVED_FILE_DIR)/Pods-MVCDemo-checkManifestLockResult.txt",
			);
			runOnlyForDeploymentPostprocessing = 0;
			shellPath = /bin/sh;
			shellScript = "diff \"${PODS_PODFILE_DIR_PATH}/Podfile.lock\" \"${PODS_ROOT}/Manifest.lock\" > /dev/null\nif [ $? != 0 ] ; then\n    # print error to STDERR\n    echo \"error: The sandbox is not in sync with the Podfile.lock. Run 'pod install' or update your CocoaPods installation.\" >&2\n    exit 1\nfi\n# This output is used by Xcode 'outputs' to avoid re-running this script phase.\necho \"SUCCESS\" > \"${SCRIPT_OUTPUT_FILE_0}\"\n";
			showEnvVarsInLog = 0;
		};
		F6A9C49DC5C27CE6C1D66A95 /* [CP] Embed Pods Frameworks */ = {
			isa = PBXShellScriptBuildPhase;
			buildActionMask = 2147483647;
			files = (
			);
			inputFileListPaths = (
				"${PODS_ROOT}/Target Support Files/Pods-MVCDemo/Pods-MVCDemo-frameworks-${CONFIGURATION}-input-files.xcfilelist",
			);
			name = "[CP] Embed Pods Frameworks";
			outputFileListPaths = (
				"${PODS_ROOT}/Target Support Files/Pods-MVCDemo/Pods-MVCDemo-frameworks-${CONFIGURATION}-output-files.xcfilelist",
			);
			runOnlyForDeploymentPostprocessing = 0;
			shellPath = /bin/sh;
			shellScript = "\"${PODS_ROOT}/Target Support Files/Pods-MVCDemo/Pods-MVCDemo-frameworks.sh\"\n";
			showEnvVarsInLog = 0;
		};
/* End PBXShellScriptBuildPhase section */

/* Begin PBXSourcesBuildPhase section */
		5B9A43E328740B6D00725533 /* Sources */ = {
			isa = PBXSourcesBuildPhase;
			buildActionMask = 2147483647;
			files = (
				5B9A440928740BC900725533 /* MVPViewController.m in Sources */,
				5B9A440F28740BEC00725533 /* MVPModel.m in Sources */,
				5B9A43EC28740B6D00725533 /* AppDelegate.m in Sources */,
				5B9A43FD28740B6F00725533 /* main.m in Sources */,
				5B9A440628740BB700725533 /* MVPTableViewCell.m in Sources */,
				5B9A440C28740BDF00725533 /* Present.m in Sources */,
				5B9A43EF28740B6D00725533 /* SceneDelegate.m in Sources */,
				5B3E1A3B287479BF00695A0D /* HomeViewController.m in Sources */,
				5B9A4415287525BD00725533 /* DataSource.m in Sources */,
			);
			runOnlyForDeploymentPostprocessing = 0;
		};
/* End PBXSourcesBuildPhase section */

/* Begin PBXVariantGroup section */
		5B9A43F328740B6D00725533 /* Main.storyboard */ = {
			isa = PBXVariantGroup;
			children = (
				5B9A43F428740B6D00725533 /* Base */,
			);
			name = Main.storyboard;
			sourceTree = "<group>";
		};
		5B9A43F828740B6F00725533 /* LaunchScreen.storyboard */ = {
			isa = PBXVariantGroup;
			children = (
				5B9A43F928740B6F00725533 /* Base */,
			);
			name = LaunchScreen.storyboard;
			sourceTree = "<group>";
		};
/* End PBXVariantGroup section */

/* Begin XCBuildConfiguration section */
		5B9A43FE28740B6F00725533 /* Debug */ = {
			isa = XCBuildConfiguration;
			buildSettings = {
				ALWAYS_SEARCH_USER_PATHS = NO;
				CLANG_ANALYZER_NONNULL = YES;
				CLANG_ANALYZER_NUMBER_OBJECT_CONVERSION = YES_AGGRESSIVE;
				CLANG_CXX_LANGUAGE_STANDARD = "gnu++17";
				CLANG_CXX_LIBRARY = "libc++";
				CLANG_ENABLE_MODULES = YES;
				CLANG_ENABLE_OBJC_ARC = YES;
				CLANG_ENABLE_OBJC_WEAK = YES;
				CLANG_WARN_BLOCK_CAPTURE_AUTORELEASING = YES;
				CLANG_WARN_BOOL_CONVERSION = YES;
				CLANG_WARN_COMMA = YES;
				CLANG_WARN_CONSTANT_CONVERSION = YES;
				CLANG_WARN_DEPRECATED_OBJC_IMPLEMENTATIONS = YES;
				CLANG_WARN_DIRECT_OBJC_ISA_USAGE = YES_ERROR;
				CLANG_WARN_DOCUMENTATION_COMMENTS = YES;
				CLANG_WARN_EMPTY_BODY = YES;
				CLANG_WARN_ENUM_CONVERSION = YES;
				CLANG_WARN_INFINITE_RECURSION = YES;
				CLANG_WARN_INT_CONVERSION = YES;
				CLANG_WARN_NON_LITERAL_NULL_CONVERSION = YES;
				CLANG_WARN_OBJC_IMPLICIT_RETAIN_SELF = YES;
				CLANG_WARN_OBJC_LITERAL_CONVERSION = YES;
				CLANG_WARN_OBJC_ROOT_CLASS = YES_ERROR;
				CLANG_WARN_QUOTED_INCLUDE_IN_FRAMEWORK_HEADER = YES;
				CLANG_WARN_RANGE_LOOP_ANALYSIS = YES;
				CLANG_WARN_STRICT_PROTOTYPES = YES;
				CLANG_WARN_SUSPICIOUS_MOVE = YES;
				CLANG_WARN_UNGUARDED_AVAILABILITY = YES_AGGRESSIVE;
				CLANG_WARN_UNREACHABLE_CODE = YES;
				CLANG_WARN__DUPLICATE_METHOD_MATCH = YES;
				COPY_PHASE_STRIP = NO;
				DEBUG_INFORMATION_FORMAT = dwarf;
				ENABLE_STRICT_OBJC_MSGSEND = YES;
				ENABLE_TESTABILITY = YES;
				GCC_C_LANGUAGE_STANDARD = gnu11;
				GCC_DYNAMIC_NO_PIC = NO;
				GCC_NO_COMMON_BLOCKS = YES;
				GCC_OPTIMIZATION_LEVEL = 0;
				GCC_PREPROCESSOR_DEFINITIONS = (
					"DEBUG=1",
					"$(inherited)",
				);
				GCC_WARN_64_TO_32_BIT_CONVERSION = YES;
				GCC_WARN_ABOUT_RETURN_TYPE = YES_ERROR;
				GCC_WARN_UNDECLARED_SELECTOR = YES;
				GCC_WARN_UNINITIALIZED_AUTOS = YES_AGGRESSIVE;
				GCC_WARN_UNUSED_FUNCTION = YES;
				GCC_WARN_UNUSED_VARIABLE = YES;
				IPHONEOS_DEPLOYMENT_TARGET = 15.2;
				MTL_ENABLE_DEBUG_INFO = INCLUDE_SOURCE;
				MTL_FAST_MATH = YES;
				ONLY_ACTIVE_ARCH = YES;
				SDKROOT = iphoneos;
			};
			name = Debug;
		};
		5B9A43FF28740B6F00725533 /* Release */ = {
			isa = XCBuildConfiguration;
			buildSettings = {
				ALWAYS_SEARCH_USER_PATHS = NO;
				CLANG_ANALYZER_NONNULL = YES;
				CLANG_ANALYZER_NUMBER_OBJECT_CONVERSION = YES_AGGRESSIVE;
				CLANG_CXX_LANGUAGE_STANDARD = "gnu++17";
				CLANG_CXX_LIBRARY = "libc++";
				CLANG_ENABLE_MODULES = YES;
				CLANG_ENABLE_OBJC_ARC = YES;
				CLANG_ENABLE_OBJC_WEAK = YES;
				CLANG_WARN_BLOCK_CAPTURE_AUTORELEASING = YES;
				CLANG_WARN_BOOL_CONVERSION = YES;
				CLANG_WARN_COMMA = YES;
				CLANG_WARN_CONSTANT_CONVERSION = YES;
				CLANG_WARN_DEPRECATED_OBJC_IMPLEMENTATIONS = YES;
				CLANG_WARN_DIRECT_OBJC_ISA_USAGE = YES_ERROR;
				CLANG_WARN_DOCUMENTATION_COMMENTS = YES;
				CLANG_WARN_EMPTY_BODY = YES;
				CLANG_WARN_ENUM_CONVERSION = YES;
				CLANG_WARN_INFINITE_RECURSION = YES;
				CLANG_WARN_INT_CONVERSION = YES;
				CLANG_WARN_NON_LITERAL_NULL_CONVERSION = YES;
				CLANG_WARN_OBJC_IMPLICIT_RETAIN_SELF = YES;
				CLANG_WARN_OBJC_LITERAL_CONVERSION = YES;
				CLANG_WARN_OBJC_ROOT_CLASS = YES_ERROR;
				CLANG_WARN_QUOTED_INCLUDE_IN_FRAMEWORK_HEADER = YES;
				CLANG_WARN_RANGE_LOOP_ANALYSIS = YES;
				CLANG_WARN_STRICT_PROTOTYPES = YES;
				CLANG_WARN_SUSPICIOUS_MOVE = YES;
				CLANG_WARN_UNGUARDED_AVAILABILITY = YES_AGGRESSIVE;
				CLANG_WARN_UNREACHABLE_CODE = YES;
				CLANG_WARN__DUPLICATE_METHOD_MATCH = YES;
				COPY_PHASE_STRIP = NO;
				DEBUG_INFORMATION_FORMAT = "dwarf-with-dsym";
				ENABLE_NS_ASSERTIONS = NO;
				ENABLE_STRICT_OBJC_MSGSEND = YES;
				GCC_C_LANGUAGE_STANDARD = gnu11;
				GCC_NO_COMMON_BLOCKS = YES;
				GCC_WARN_64_TO_32_BIT_CONVERSION = YES;
				GCC_WARN_ABOUT_RETURN_TYPE = YES_ERROR;
				GCC_WARN_UNDECLARED_SELECTOR = YES;
				GCC_WARN_UNINITIALIZED_AUTOS = YES_AGGRESSIVE;
				GCC_WARN_UNUSED_FUNCTION = YES;
				GCC_WARN_UNUSED_VARIABLE = YES;
				IPHONEOS_DEPLOYMENT_TARGET = 15.2;
				MTL_ENABLE_DEBUG_INFO = NO;
				MTL_FAST_MATH = YES;
				SDKROOT = iphoneos;
				VALIDATE_PRODUCT = YES;
			};
			name = Release;
		};
		5B9A440128740B6F00725533 /* Debug */ = {
			isa = XCBuildConfiguration;
			baseConfigurationReference = 9CB280E50A513084B2FD0003 /* Pods-MVCDemo.debug.xcconfig */;
			buildSettings = {
				ASSETCATALOG_COMPILER_APPICON_NAME = AppIcon;
				ASSETCATALOG_COMPILER_GLOBAL_ACCENT_COLOR_NAME = AccentColor;
				CODE_SIGN_STYLE = Automatic;
				CURRENT_PROJECT_VERSION = 1;
				DEVELOPMENT_TEAM = 83J8888V77;
				GCC_PREFIX_HEADER = MVCDemo/PrefixHeader.h;
				GENERATE_INFOPLIST_FILE = YES;
				INFOPLIST_FILE = MVCDemo/Info.plist;
				INFOPLIST_KEY_UIApplicationSupportsIndirectInputEvents = YES;
				INFOPLIST_KEY_UILaunchStoryboardName = LaunchScreen;
				INFOPLIST_KEY_UISupportedInterfaceOrientations_iPad = "UIInterfaceOrientationPortrait UIInterfaceOrientationPortraitUpsideDown UIInterfaceOrientationLandscapeLeft UIInterfaceOrientationLandscapeRight";
				INFOPLIST_KEY_UISupportedInterfaceOrientations_iPhone = "UIInterfaceOrientationPortrait UIInterfaceOrientationLandscapeLeft UIInterfaceOrientationLandscapeRight";
				LD_RUNPATH_SEARCH_PATHS = (
					"$(inherited)",
					"@executable_path/Frameworks",
				);
				MARKETING_VERSION = 1.0;
				PRODUCT_BUNDLE_IDENTIFIER = com.twisteddfate.www.MVCDemo;
				PRODUCT_NAME = "$(TARGET_NAME)";
				SWIFT_EMIT_LOC_STRINGS = YES;
				TARGETED_DEVICE_FAMILY = "1,2";
			};
			name = Debug;
		};
		5B9A440228740B6F00725533 /* Release */ = {
			isa = XCBuildConfiguration;
			baseConfigurationReference = 33A07D7D7F795549FE9FC818 /* Pods-MVCDemo.release.xcconfig */;
			buildSettings = {
				ASSETCATALOG_COMPILER_APPICON_NAME = AppIcon;
				ASSETCATALOG_COMPILER_GLOBAL_ACCENT_COLOR_NAME = AccentColor;
				CODE_SIGN_STYLE = Automatic;
				CURRENT_PROJECT_VERSION = 1;
				DEVELOPMENT_TEAM = 83J8888V77;
				GCC_PREFIX_HEADER = MVCDemo/PrefixHeader.h;
				GENERATE_INFOPLIST_FILE = YES;
				INFOPLIST_FILE = MVCDemo/Info.plist;
				INFOPLIST_KEY_UIApplicationSupportsIndirectInputEvents = YES;
				INFOPLIST_KEY_UILaunchStoryboardName = LaunchScreen;
				INFOPLIST_KEY_UISupportedInterfaceOrientations_iPad = "UIInterfaceOrientationPortrait UIInterfaceOrientationPortraitUpsideDown UIInterfaceOrientationLandscapeLeft UIInterfaceOrientationLandscapeRight";
				INFOPLIST_KEY_UISupportedInterfaceOrientations_iPhone = "UIInterfaceOrientationPortrait UIInterfaceOrientationLandscapeLeft UIInterfaceOrientationLandscapeRight";
				LD_RUNPATH_SEARCH_PATHS = (
					"$(inherited)",
					"@executable_path/Frameworks",
				);
				MARKETING_VERSION = 1.0;
				PRODUCT_BUNDLE_IDENTIFIER = com.twisteddfate.www.MVCDemo;
				PRODUCT_NAME = "$(TARGET_NAME)";
				SWIFT_EMIT_LOC_STRINGS = YES;
				TARGETED_DEVICE_FAMILY = "1,2";
			};
			name = Release;
		};
/* End XCBuildConfiguration section */

/* Begin XCConfigurationList section */
		5B9A43E228740B6D00725533 /* Build configuration list for PBXProject "MVCDemo" */ = {
			isa = XCConfigurationList;
			buildConfigurations = (
				5B9A43FE28740B6F00725533 /* Debug */,
				5B9A43FF28740B6F00725533 /* Release */,
			);
			defaultConfigurationIsVisible = 0;
			defaultConfigurationName = Release;
		};
		5B9A440028740B6F00725533 /* Build configuration list for PBXNativeTarget "MVCDemo" */ = {
			isa = XCConfigurationList;
			buildConfigurations = (
				5B9A440128740B6F00725533 /* Debug */,
				5B9A440228740B6F00725533 /* Release */,
			);
			defaultConfigurationIsVisible = 0;
			defaultConfigurationName = Release;
		};
/* End XCConfigurationList section */
	};
	rootObject = 5B9A43DF28740B6D00725533 /* Project object */;
}
