PODS:
  - Flutter (1.0.0)
  - FlutterPluginRegistrant (0.0.1):
    - Flutter
    - fluttertoast
  - fluttertoast (0.0.2):
    - Flutter
    - Toast
  - Toast (4.0.0)

DEPENDENCIES:
  - Flutter (from `Flutter`)
  - FlutterPluginRegistrant (from `Flutter/FlutterPluginRegistrant`)
  - fluttertoast (from `.symlinks/plugins/fluttertoast/ios`)

SPEC REPOS:
  trunk:
    - Toast

EXTERNAL SOURCES:
  Flutter:
    :path: Flutter
  FlutterPluginRegistrant:
    :path: Flutter/FlutterPluginRegistrant
  fluttertoast:
    :path: ".symlinks/plugins/fluttertoast/ios"

SPEC CHECKSUMS:
  Flutter: 434fef37c0980e73bb6479ef766c45957d4b510c
  FlutterPluginRegistrant: 3f0b8077e2055fddc6e6a895fbaba7c62d9ab1fd
  fluttertoast: 6122fa75143e992b1d3470f61000f591a798cc58
  Toast: 91b396c56ee72a5790816f40d3a94dd357abc196

PODFILE CHECKSUM: 1a4a4c8498055b871db01a7bd3b4da2fdfe228a2

COCOAPODS: 1.10.1
