// !$*UTF8*$!
{
	archiveVersion = 1;
	classes = {
	};
	objectVersion = 55;
	objects = {

/* Begin PBXBuildFile section */
		5B4826D328517FB200B17593 /* AppDelegate.m in Sources */ = {isa = PBXBuildFile; fileRef = 5B4826D228517FB200B17593 /* AppDelegate.m */; };
		5B4826D628517FB200B17593 /* SceneDelegate.m in Sources */ = {isa = PBXBuildFile; fileRef = 5B4826D528517FB200B17593 /* SceneDelegate.m */; };
		5B4826DC28517FB200B17593 /* Main.storyboard in Resources */ = {isa = PBXBuildFile; fileRef = 5B4826DA28517FB200B17593 /* Main.storyboard */; };
		5B4826DE28517FB400B17593 /* Assets.xcassets in Resources */ = {isa = PBXBuildFile; fileRef = 5B4826DD28517FB400B17593 /* Assets.xcassets */; };
		5B4826E128517FB400B17593 /* LaunchScreen.storyboard in Resources */ = {isa = PBXBuildFile; fileRef = 5B4826DF28517FB400B17593 /* LaunchScreen.storyboard */; };
		5B4826E428517FB400B17593 /* main.m in Sources */ = {isa = PBXBuildFile; fileRef = 5B4826E328517FB400B17593 /* main.m */; };
		5B5B472F2856CA19003E6BBE /* HomeViewController.m in Sources */ = {isa = PBXBuildFile; fileRef = 5B5B472E2856CA19003E6BBE /* HomeViewController.m */; };
		5B5B47322856D43C003E6BBE /* SimpleViewController.m in Sources */ = {isa = PBXBuildFile; fileRef = 5B5B47312856D43C003E6BBE /* SimpleViewController.m */; };
		5B5B47382856DE23003E6BBE /* LoginViewModel.m in Sources */ = {isa = PBXBuildFile; fileRef = 5B5B47372856DE23003E6BBE /* LoginViewModel.m */; };
		5B5B473B2857051C003E6BBE /* LoginViewController.m in Sources */ = {isa = PBXBuildFile; fileRef = 5B5B473A2857051C003E6BBE /* LoginViewController.m */; };
		5B5B473E28570BEA003E6BBE /* DelegateViewController.m in Sources */ = {isa = PBXBuildFile; fileRef = 5B5B473D28570BEA003E6BBE /* DelegateViewController.m */; };
		5B5B474128570E56003E6BBE /* DelegateNextViewController.m in Sources */ = {isa = PBXBuildFile; fileRef = 5B5B474028570E56003E6BBE /* DelegateNextViewController.m */; };
		5B5B47452857126F003E6BBE /* StoryboardExtension.m in Sources */ = {isa = PBXBuildFile; fileRef = 5B5B47442857126F003E6BBE /* StoryboardExtension.m */; };
		5BA9A11E28532224001387E7 /* CaculatorManager.m in Sources */ = {isa = PBXBuildFile; fileRef = 5BA9A11D28532224001387E7 /* CaculatorManager.m */; };
		FE1BDDB64B78226F13AFD200 /* libPods-RACDemo.a in Frameworks */ = {isa = PBXBuildFile; fileRef = 1B56479B8C7D5A61B1D405EC /* libPods-RACDemo.a */; };
/* End PBXBuildFile section */

/* Begin PBXFileReference section */
		1B56479B8C7D5A61B1D405EC /* libPods-RACDemo.a */ = {isa = PBXFileReference; explicitFileType = archive.ar; includeInIndex = 0; path = "libPods-RACDemo.a"; sourceTree = BUILT_PRODUCTS_DIR; };
		577F14C5F0A4AF5A783A46BA /* Pods-RACDemo.debug.xcconfig */ = {isa = PBXFileReference; includeInIndex = 1; lastKnownFileType = text.xcconfig; name = "Pods-RACDemo.debug.xcconfig"; path = "Target Support Files/Pods-RACDemo/Pods-RACDemo.debug.xcconfig"; sourceTree = "<group>"; };
		5B4826CE28517FB200B17593 /* RACDemo.app */ = {isa = PBXFileReference; explicitFileType = wrapper.application; includeInIndex = 0; path = RACDemo.app; sourceTree = BUILT_PRODUCTS_DIR; };
		5B4826D128517FB200B17593 /* AppDelegate.h */ = {isa = PBXFileReference; lastKnownFileType = sourcecode.c.h; path = AppDelegate.h; sourceTree = "<group>"; };
		5B4826D228517FB200B17593 /* AppDelegate.m */ = {isa = PBXFileReference; lastKnownFileType = sourcecode.c.objc; path = AppDelegate.m; sourceTree = "<group>"; };
		5B4826D428517FB200B17593 /* SceneDelegate.h */ = {isa = PBXFileReference; lastKnownFileType = sourcecode.c.h; path = SceneDelegate.h; sourceTree = "<group>"; };
		5B4826D528517FB200B17593 /* SceneDelegate.m */ = {isa = PBXFileReference; lastKnownFileType = sourcecode.c.objc; path = SceneDelegate.m; sourceTree = "<group>"; };
		5B4826DB28517FB200B17593 /* Base */ = {isa = PBXFileReference; lastKnownFileType = file.storyboard; name = Base; path = Base.lproj/Main.storyboard; sourceTree = "<group>"; };
		5B4826DD28517FB400B17593 /* Assets.xcassets */ = {isa = PBXFileReference; lastKnownFileType = folder.assetcatalog; path = Assets.xcassets; sourceTree = "<group>"; };
		5B4826E028517FB400B17593 /* Base */ = {isa = PBXFileReference; lastKnownFileType = file.storyboard; name = Base; path = Base.lproj/LaunchScreen.storyboard; sourceTree = "<group>"; };
		5B4826E228517FB400B17593 /* Info.plist */ = {isa = PBXFileReference; lastKnownFileType = text.plist.xml; path = Info.plist; sourceTree = "<group>"; };
		5B4826E328517FB400B17593 /* main.m */ = {isa = PBXFileReference; lastKnownFileType = sourcecode.c.objc; path = main.m; sourceTree = "<group>"; };
		5B5B472D2856CA19003E6BBE /* HomeViewController.h */ = {isa = PBXFileReference; lastKnownFileType = sourcecode.c.h; path = HomeViewController.h; sourceTree = "<group>"; };
		5B5B472E2856CA19003E6BBE /* HomeViewController.m */ = {isa = PBXFileReference; lastKnownFileType = sourcecode.c.objc; path = HomeViewController.m; sourceTree = "<group>"; };
		5B5B47302856D43C003E6BBE /* SimpleViewController.h */ = {isa = PBXFileReference; lastKnownFileType = sourcecode.c.h; path = SimpleViewController.h; sourceTree = "<group>"; };
		5B5B47312856D43C003E6BBE /* SimpleViewController.m */ = {isa = PBXFileReference; lastKnownFileType = sourcecode.c.objc; path = SimpleViewController.m; sourceTree = "<group>"; };
		5B5B47362856DE23003E6BBE /* LoginViewModel.h */ = {isa = PBXFileReference; lastKnownFileType = sourcecode.c.h; path = LoginViewModel.h; sourceTree = "<group>"; };
		5B5B47372856DE23003E6BBE /* LoginViewModel.m */ = {isa = PBXFileReference; lastKnownFileType = sourcecode.c.objc; path = LoginViewModel.m; sourceTree = "<group>"; };
		5B5B47392857051C003E6BBE /* LoginViewController.h */ = {isa = PBXFileReference; lastKnownFileType = sourcecode.c.h; path = LoginViewController.h; sourceTree = "<group>"; };
		5B5B473A2857051C003E6BBE /* LoginViewController.m */ = {isa = PBXFileReference; lastKnownFileType = sourcecode.c.objc; path = LoginViewController.m; sourceTree = "<group>"; };
		5B5B473C28570BEA003E6BBE /* DelegateViewController.h */ = {isa = PBXFileReference; lastKnownFileType = sourcecode.c.h; path = DelegateViewController.h; sourceTree = "<group>"; };
		5B5B473D28570BEA003E6BBE /* DelegateViewController.m */ = {isa = PBXFileReference; lastKnownFileType = sourcecode.c.objc; path = DelegateViewController.m; sourceTree = "<group>"; };
		5B5B473F28570E56003E6BBE /* DelegateNextViewController.h */ = {isa = PBXFileReference; lastKnownFileType = sourcecode.c.h; path = DelegateNextViewController.h; sourceTree = "<group>"; };
		5B5B474028570E56003E6BBE /* DelegateNextViewController.m */ = {isa = PBXFileReference; lastKnownFileType = sourcecode.c.objc; path = DelegateNextViewController.m; sourceTree = "<group>"; };
		5B5B474228570FE1003E6BBE /* PrefixHeader.pch */ = {isa = PBXFileReference; lastKnownFileType = sourcecode.c.h; path = PrefixHeader.pch; sourceTree = "<group>"; };
		5B5B47432857126F003E6BBE /* StoryboardExtension.h */ = {isa = PBXFileReference; lastKnownFileType = sourcecode.c.h; path = StoryboardExtension.h; sourceTree = "<group>"; };
		5B5B47442857126F003E6BBE /* StoryboardExtension.m */ = {isa = PBXFileReference; lastKnownFileType = sourcecode.c.objc; path = StoryboardExtension.m; sourceTree = "<group>"; };
		5BA9A11C28532224001387E7 /* CaculatorManager.h */ = {isa = PBXFileReference; lastKnownFileType = sourcecode.c.h; path = CaculatorManager.h; sourceTree = "<group>"; };
		5BA9A11D28532224001387E7 /* CaculatorManager.m */ = {isa = PBXFileReference; lastKnownFileType = sourcecode.c.objc; path = CaculatorManager.m; sourceTree = "<group>"; };
		5C6B6F3DB67A7554AAC00047 /* Pods-RACDemo.release.xcconfig */ = {isa = PBXFileReference; includeInIndex = 1; lastKnownFileType = text.xcconfig; name = "Pods-RACDemo.release.xcconfig"; path = "Target Support Files/Pods-RACDemo/Pods-RACDemo.release.xcconfig"; sourceTree = "<group>"; };
/* End PBXFileReference section */

/* Begin PBXFrameworksBuildPhase section */
		5B4826CB28517FB200B17593 /* Frameworks */ = {
			isa = PBXFrameworksBuildPhase;
			buildActionMask = 2147483647;
			files = (
				FE1BDDB64B78226F13AFD200 /* libPods-RACDemo.a in Frameworks */,
			);
			runOnlyForDeploymentPostprocessing = 0;
		};
/* End PBXFrameworksBuildPhase section */

/* Begin PBXGroup section */
		2058B76740768A20C1EFE688 /* Frameworks */ = {
			isa = PBXGroup;
			children = (
				1B56479B8C7D5A61B1D405EC /* libPods-RACDemo.a */,
			);
			name = Frameworks;
			sourceTree = "<group>";
		};
		5B4826C528517FB100B17593 = {
			isa = PBXGroup;
			children = (
				5B4826D028517FB200B17593 /* RACDemo */,
				5B4826CF28517FB200B17593 /* Products */,
				8E2CF110C713F174D2A6D4A5 /* Pods */,
				2058B76740768A20C1EFE688 /* Frameworks */,
			);
			sourceTree = "<group>";
		};
		5B4826CF28517FB200B17593 /* Products */ = {
			isa = PBXGroup;
			children = (
				5B4826CE28517FB200B17593 /* RACDemo.app */,
			);
			name = Products;
			sourceTree = "<group>";
		};
		5B4826D028517FB200B17593 /* RACDemo */ = {
			isa = PBXGroup;
			children = (
				5B5B474228570FE1003E6BBE /* PrefixHeader.pch */,
				5B4826D128517FB200B17593 /* AppDelegate.h */,
				5B4826D228517FB200B17593 /* AppDelegate.m */,
				5B5B472D2856CA19003E6BBE /* HomeViewController.h */,
				5B5B472E2856CA19003E6BBE /* HomeViewController.m */,
				5B5B47302856D43C003E6BBE /* SimpleViewController.h */,
				5B5B47312856D43C003E6BBE /* SimpleViewController.m */,
				5B5B473C28570BEA003E6BBE /* DelegateViewController.h */,
				5B5B473D28570BEA003E6BBE /* DelegateViewController.m */,
				5B5B473F28570E56003E6BBE /* DelegateNextViewController.h */,
				5B5B474028570E56003E6BBE /* DelegateNextViewController.m */,
				5B5B47392857051C003E6BBE /* LoginViewController.h */,
				5B5B473A2857051C003E6BBE /* LoginViewController.m */,
				5BA9A11C28532224001387E7 /* CaculatorManager.h */,
				5BA9A11D28532224001387E7 /* CaculatorManager.m */,
				5B4826D428517FB200B17593 /* SceneDelegate.h */,
				5B4826D528517FB200B17593 /* SceneDelegate.m */,
				5B5B47362856DE23003E6BBE /* LoginViewModel.h */,
				5B5B47372856DE23003E6BBE /* LoginViewModel.m */,
				5B5B47432857126F003E6BBE /* StoryboardExtension.h */,
				5B5B47442857126F003E6BBE /* StoryboardExtension.m */,
				5B4826DA28517FB200B17593 /* Main.storyboard */,
				5B4826DD28517FB400B17593 /* Assets.xcassets */,
				5B4826DF28517FB400B17593 /* LaunchScreen.storyboard */,
				5B4826E228517FB400B17593 /* Info.plist */,
				5B4826E328517FB400B17593 /* main.m */,
			);
			path = RACDemo;
			sourceTree = "<group>";
		};
		8E2CF110C713F174D2A6D4A5 /* Pods */ = {
			isa = PBXGroup;
			children = (
				577F14C5F0A4AF5A783A46BA /* Pods-RACDemo.debug.xcconfig */,
				5C6B6F3DB67A7554AAC00047 /* Pods-RACDemo.release.xcconfig */,
			);
			path = Pods;
			sourceTree = "<group>";
		};
/* End PBXGroup section */

/* Begin PBXNativeTarget section */
		5B4826CD28517FB200B17593 /* RACDemo */ = {
			isa = PBXNativeTarget;
			buildConfigurationList = 5B4826E728517FB400B17593 /* Build configuration list for PBXNativeTarget "RACDemo" */;
			buildPhases = (
				A765C486036A74B3957587A5 /* [CP] Check Pods Manifest.lock */,
				5B4826CA28517FB200B17593 /* Sources */,
				5B4826CB28517FB200B17593 /* Frameworks */,
				5B4826CC28517FB200B17593 /* Resources */,
			);
			buildRules = (
			);
			dependencies = (
			);
			name = RACDemo;
			productName = RACDemo;
			productReference = 5B4826CE28517FB200B17593 /* RACDemo.app */;
			productType = "com.apple.product-type.application";
		};
/* End PBXNativeTarget section */

/* Begin PBXProject section */
		5B4826C628517FB100B17593 /* Project object */ = {
			isa = PBXProject;
			attributes = {
				BuildIndependentTargetsInParallel = 1;
				LastUpgradeCheck = 1320;
				TargetAttributes = {
					5B4826CD28517FB200B17593 = {
						CreatedOnToolsVersion = 13.2.1;
					};
				};
			};
			buildConfigurationList = 5B4826C928517FB100B17593 /* Build configuration list for PBXProject "RACDemo" */;
			compatibilityVersion = "Xcode 13.0";
			developmentRegion = en;
			hasScannedForEncodings = 0;
			knownRegions = (
				en,
				Base,
			);
			mainGroup = 5B4826C528517FB100B17593;
			productRefGroup = 5B4826CF28517FB200B17593 /* Products */;
			projectDirPath = "";
			projectRoot = "";
			targets = (
				5B4826CD28517FB200B17593 /* RACDemo */,
			);
		};
/* End PBXProject section */

/* Begin PBXResourcesBuildPhase section */
		5B4826CC28517FB200B17593 /* Resources */ = {
			isa = PBXResourcesBuildPhase;
			buildActionMask = 2147483647;
			files = (
				5B4826E128517FB400B17593 /* LaunchScreen.storyboard in Resources */,
				5B4826DE28517FB400B17593 /* Assets.xcassets in Resources */,
				5B4826DC28517FB200B17593 /* Main.storyboard in Resources */,
			);
			runOnlyForDeploymentPostprocessing = 0;
		};
/* End PBXResourcesBuildPhase section */

/* Begin PBXShellScriptBuildPhase section */
		A765C486036A74B3957587A5 /* [CP] Check Pods Manifest.lock */ = {
			isa = PBXShellScriptBuildPhase;
			buildActionMask = 2147483647;
			files = (
			);
			inputFileListPaths = (
			);
			inputPaths = (
				"${PODS_PODFILE_DIR_PATH}/Podfile.lock",
				"${PODS_ROOT}/Manifest.lock",
			);
			name = "[CP] Check Pods Manifest.lock";
			outputFileListPaths = (
			);
			outputPaths = (
				"$(DERIVED_FILE_DIR)/Pods-RACDemo-checkManifestLockResult.txt",
			);
			runOnlyForDeploymentPostprocessing = 0;
			shellPath = /bin/sh;
			shellScript = "diff \"${PODS_PODFILE_DIR_PATH}/Podfile.lock\" \"${PODS_ROOT}/Manifest.lock\" > /dev/null\nif [ $? != 0 ] ; then\n    # print error to STDERR\n    echo \"error: The sandbox is not in sync with the Podfile.lock. Run 'pod install' or update your CocoaPods installation.\" >&2\n    exit 1\nfi\n# This output is used by Xcode 'outputs' to avoid re-running this script phase.\necho \"SUCCESS\" > \"${SCRIPT_OUTPUT_FILE_0}\"\n";
			showEnvVarsInLog = 0;
		};
/* End PBXShellScriptBuildPhase section */

/* Begin PBXSourcesBuildPhase section */
		5B4826CA28517FB200B17593 /* Sources */ = {
			isa = PBXSourcesBuildPhase;
			buildActionMask = 2147483647;
			files = (
				5B5B473B2857051C003E6BBE /* LoginViewController.m in Sources */,
				5BA9A11E28532224001387E7 /* CaculatorManager.m in Sources */,
				5B5B47322856D43C003E6BBE /* SimpleViewController.m in Sources */,
				5B4826D328517FB200B17593 /* AppDelegate.m in Sources */,
				5B5B474128570E56003E6BBE /* DelegateNextViewController.m in Sources */,
				5B4826E428517FB400B17593 /* main.m in Sources */,
				5B5B472F2856CA19003E6BBE /* HomeViewController.m in Sources */,
				5B4826D628517FB200B17593 /* SceneDelegate.m in Sources */,
				5B5B473E28570BEA003E6BBE /* DelegateViewController.m in Sources */,
				5B5B47452857126F003E6BBE /* StoryboardExtension.m in Sources */,
				5B5B47382856DE23003E6BBE /* LoginViewModel.m in Sources */,
			);
			runOnlyForDeploymentPostprocessing = 0;
		};
/* End PBXSourcesBuildPhase section */

/* Begin PBXVariantGroup section */
		5B4826DA28517FB200B17593 /* Main.storyboard */ = {
			isa = PBXVariantGroup;
			children = (
				5B4826DB28517FB200B17593 /* Base */,
			);
			name = Main.storyboard;
			sourceTree = "<group>";
		};
		5B4826DF28517FB400B17593 /* LaunchScreen.storyboard */ = {
			isa = PBXVariantGroup;
			children = (
				5B4826E028517FB400B17593 /* Base */,
			);
			name = LaunchScreen.storyboard;
			sourceTree = "<group>";
		};
/* End PBXVariantGroup section */

/* Begin XCBuildConfiguration section */
		5B4826E528517FB400B17593 /* Debug */ = {
			isa = XCBuildConfiguration;
			buildSettings = {
				ALWAYS_SEARCH_USER_PATHS = NO;
				CLANG_ANALYZER_NONNULL = YES;
				CLANG_ANALYZER_NUMBER_OBJECT_CONVERSION = YES_AGGRESSIVE;
				CLANG_CXX_LANGUAGE_STANDARD = "gnu++17";
				CLANG_CXX_LIBRARY = "libc++";
				CLANG_ENABLE_MODULES = YES;
				CLANG_ENABLE_OBJC_ARC = YES;
				CLANG_ENABLE_OBJC_WEAK = YES;
				CLANG_WARN_BLOCK_CAPTURE_AUTORELEASING = YES;
				CLANG_WARN_BOOL_CONVERSION = YES;
				CLANG_WARN_COMMA = YES;
				CLANG_WARN_CONSTANT_CONVERSION = YES;
				CLANG_WARN_DEPRECATED_OBJC_IMPLEMENTATIONS = YES;
				CLANG_WARN_DIRECT_OBJC_ISA_USAGE = YES_ERROR;
				CLANG_WARN_DOCUMENTATION_COMMENTS = YES;
				CLANG_WARN_EMPTY_BODY = YES;
				CLANG_WARN_ENUM_CONVERSION = YES;
				CLANG_WARN_INFINITE_RECURSION = YES;
				CLANG_WARN_INT_CONVERSION = YES;
				CLANG_WARN_NON_LITERAL_NULL_CONVERSION = YES;
				CLANG_WARN_OBJC_IMPLICIT_RETAIN_SELF = YES;
				CLANG_WARN_OBJC_LITERAL_CONVERSION = YES;
				CLANG_WARN_OBJC_ROOT_CLASS = YES_ERROR;
				CLANG_WARN_QUOTED_INCLUDE_IN_FRAMEWORK_HEADER = YES;
				CLANG_WARN_RANGE_LOOP_ANALYSIS = YES;
				CLANG_WARN_STRICT_PROTOTYPES = YES;
				CLANG_WARN_SUSPICIOUS_MOVE = YES;
				CLANG_WARN_UNGUARDED_AVAILABILITY = YES_AGGRESSIVE;
				CLANG_WARN_UNREACHABLE_CODE = YES;
				CLANG_WARN__DUPLICATE_METHOD_MATCH = YES;
				COPY_PHASE_STRIP = NO;
				DEBUG_INFORMATION_FORMAT = dwarf;
				ENABLE_STRICT_OBJC_MSGSEND = YES;
				ENABLE_TESTABILITY = YES;
				GCC_C_LANGUAGE_STANDARD = gnu11;
				GCC_DYNAMIC_NO_PIC = NO;
				GCC_NO_COMMON_BLOCKS = YES;
				GCC_OPTIMIZATION_LEVEL = 0;
				GCC_PREPROCESSOR_DEFINITIONS = (
					"DEBUG=1",
					"$(inherited)",
				);
				GCC_WARN_64_TO_32_BIT_CONVERSION = YES;
				GCC_WARN_ABOUT_RETURN_TYPE = YES_ERROR;
				GCC_WARN_UNDECLARED_SELECTOR = YES;
				GCC_WARN_UNINITIALIZED_AUTOS = YES_AGGRESSIVE;
				GCC_WARN_UNUSED_FUNCTION = YES;
				GCC_WARN_UNUSED_VARIABLE = YES;
				IPHONEOS_DEPLOYMENT_TARGET = 15.2;
				MTL_ENABLE_DEBUG_INFO = INCLUDE_SOURCE;
				MTL_FAST_MATH = YES;
				ONLY_ACTIVE_ARCH = YES;
				SDKROOT = iphoneos;
			};
			name = Debug;
		};
		5B4826E628517FB400B17593 /* Release */ = {
			isa = XCBuildConfiguration;
			buildSettings = {
				ALWAYS_SEARCH_USER_PATHS = NO;
				CLANG_ANALYZER_NONNULL = YES;
				CLANG_ANALYZER_NUMBER_OBJECT_CONVERSION = YES_AGGRESSIVE;
				CLANG_CXX_LANGUAGE_STANDARD = "gnu++17";
				CLANG_CXX_LIBRARY = "libc++";
				CLANG_ENABLE_MODULES = YES;
				CLANG_ENABLE_OBJC_ARC = YES;
				CLANG_ENABLE_OBJC_WEAK = YES;
				CLANG_WARN_BLOCK_CAPTURE_AUTORELEASING = YES;
				CLANG_WARN_BOOL_CONVERSION = YES;
				CLANG_WARN_COMMA = YES;
				CLANG_WARN_CONSTANT_CONVERSION = YES;
				CLANG_WARN_DEPRECATED_OBJC_IMPLEMENTATIONS = YES;
				CLANG_WARN_DIRECT_OBJC_ISA_USAGE = YES_ERROR;
				CLANG_WARN_DOCUMENTATION_COMMENTS = YES;
				CLANG_WARN_EMPTY_BODY = YES;
				CLANG_WARN_ENUM_CONVERSION = YES;
				CLANG_WARN_INFINITE_RECURSION = YES;
				CLANG_WARN_INT_CONVERSION = YES;
				CLANG_WARN_NON_LITERAL_NULL_CONVERSION = YES;
				CLANG_WARN_OBJC_IMPLICIT_RETAIN_SELF = YES;
				CLANG_WARN_OBJC_LITERAL_CONVERSION = YES;
				CLANG_WARN_OBJC_ROOT_CLASS = YES_ERROR;
				CLANG_WARN_QUOTED_INCLUDE_IN_FRAMEWORK_HEADER = YES;
				CLANG_WARN_RANGE_LOOP_ANALYSIS = YES;
				CLANG_WARN_STRICT_PROTOTYPES = YES;
				CLANG_WARN_SUSPICIOUS_MOVE = YES;
				CLANG_WARN_UNGUARDED_AVAILABILITY = YES_AGGRESSIVE;
				CLANG_WARN_UNREACHABLE_CODE = YES;
				CLANG_WARN__DUPLICATE_METHOD_MATCH = YES;
				COPY_PHASE_STRIP = NO;
				DEBUG_INFORMATION_FORMAT = "dwarf-with-dsym";
				ENABLE_NS_ASSERTIONS = NO;
				ENABLE_STRICT_OBJC_MSGSEND = YES;
				GCC_C_LANGUAGE_STANDARD = gnu11;
				GCC_NO_COMMON_BLOCKS = YES;
				GCC_WARN_64_TO_32_BIT_CONVERSION = YES;
				GCC_WARN_ABOUT_RETURN_TYPE = YES_ERROR;
				GCC_WARN_UNDECLARED_SELECTOR = YES;
				GCC_WARN_UNINITIALIZED_AUTOS = YES_AGGRESSIVE;
				GCC_WARN_UNUSED_FUNCTION = YES;
				GCC_WARN_UNUSED_VARIABLE = YES;
				IPHONEOS_DEPLOYMENT_TARGET = 15.2;
				MTL_ENABLE_DEBUG_INFO = NO;
				MTL_FAST_MATH = YES;
				SDKROOT = iphoneos;
				VALIDATE_PRODUCT = YES;
			};
			name = Release;
		};
		5B4826E828517FB400B17593 /* Debug */ = {
			isa = XCBuildConfiguration;
			baseConfigurationReference = 577F14C5F0A4AF5A783A46BA /* Pods-RACDemo.debug.xcconfig */;
			buildSettings = {
				ASSETCATALOG_COMPILER_APPICON_NAME = AppIcon;
				ASSETCATALOG_COMPILER_GLOBAL_ACCENT_COLOR_NAME = AccentColor;
				CODE_SIGN_STYLE = Automatic;
				CURRENT_PROJECT_VERSION = 1;
				DEVELOPMENT_TEAM = 83J8888V77;
				GCC_PREFIX_HEADER = "";
				GENERATE_INFOPLIST_FILE = YES;
				INFOPLIST_FILE = RACDemo/Info.plist;
				INFOPLIST_KEY_UIApplicationSupportsIndirectInputEvents = YES;
				INFOPLIST_KEY_UILaunchStoryboardName = LaunchScreen;
				INFOPLIST_KEY_UIMainStoryboardFile = Main;
				INFOPLIST_KEY_UISupportedInterfaceOrientations_iPad = "UIInterfaceOrientationPortrait UIInterfaceOrientationPortraitUpsideDown UIInterfaceOrientationLandscapeLeft UIInterfaceOrientationLandscapeRight";
				INFOPLIST_KEY_UISupportedInterfaceOrientations_iPhone = "UIInterfaceOrientationPortrait UIInterfaceOrientationLandscapeLeft UIInterfaceOrientationLandscapeRight";
				LD_RUNPATH_SEARCH_PATHS = (
					"$(inherited)",
					"@executable_path/Frameworks",
				);
				MARKETING_VERSION = 1.0;
				PRODUCT_BUNDLE_IDENTIFIER = com.twistedfate.www.RACDemo;
				PRODUCT_NAME = "$(TARGET_NAME)";
				SWIFT_EMIT_LOC_STRINGS = YES;
				TARGETED_DEVICE_FAMILY = "1,2";
			};
			name = Debug;
		};
		5B4826E928517FB400B17593 /* Release */ = {
			isa = XCBuildConfiguration;
			baseConfigurationReference = 5C6B6F3DB67A7554AAC00047 /* Pods-RACDemo.release.xcconfig */;
			buildSettings = {
				ASSETCATALOG_COMPILER_APPICON_NAME = AppIcon;
				ASSETCATALOG_COMPILER_GLOBAL_ACCENT_COLOR_NAME = AccentColor;
				CODE_SIGN_STYLE = Automatic;
				CURRENT_PROJECT_VERSION = 1;
				DEVELOPMENT_TEAM = 83J8888V77;
				GCC_PREFIX_HEADER = "";
				GENERATE_INFOPLIST_FILE = YES;
				INFOPLIST_FILE = RACDemo/Info.plist;
				INFOPLIST_KEY_UIApplicationSupportsIndirectInputEvents = YES;
				INFOPLIST_KEY_UILaunchStoryboardName = LaunchScreen;
				INFOPLIST_KEY_UIMainStoryboardFile = Main;
				INFOPLIST_KEY_UISupportedInterfaceOrientations_iPad = "UIInterfaceOrientationPortrait UIInterfaceOrientationPortraitUpsideDown UIInterfaceOrientationLandscapeLeft UIInterfaceOrientationLandscapeRight";
				INFOPLIST_KEY_UISupportedInterfaceOrientations_iPhone = "UIInterfaceOrientationPortrait UIInterfaceOrientationLandscapeLeft UIInterfaceOrientationLandscapeRight";
				LD_RUNPATH_SEARCH_PATHS = (
					"$(inherited)",
					"@executable_path/Frameworks",
				);
				MARKETING_VERSION = 1.0;
				PRODUCT_BUNDLE_IDENTIFIER = com.twistedfate.www.RACDemo;
				PRODUCT_NAME = "$(TARGET_NAME)";
				SWIFT_EMIT_LOC_STRINGS = YES;
				TARGETED_DEVICE_FAMILY = "1,2";
			};
			name = Release;
		};
/* End XCBuildConfiguration section */

/* Begin XCConfigurationList section */
		5B4826C928517FB100B17593 /* Build configuration list for PBXProject "RACDemo" */ = {
			isa = XCConfigurationList;
			buildConfigurations = (
				5B4826E528517FB400B17593 /* Debug */,
				5B4826E628517FB400B17593 /* Release */,
			);
			defaultConfigurationIsVisible = 0;
			defaultConfigurationName = Release;
		};
		5B4826E728517FB400B17593 /* Build configuration list for PBXNativeTarget "RACDemo" */ = {
			isa = XCConfigurationList;
			buildConfigurations = (
				5B4826E828517FB400B17593 /* Debug */,
				5B4826E928517FB400B17593 /* Release */,
			);
			defaultConfigurationIsVisible = 0;
			defaultConfigurationName = Release;
		};
/* End XCConfigurationList section */
	};
	rootObject = 5B4826C628517FB100B17593 /* Project object */;
}
